
Microsoft Visual Studio Solution File, Format Version 12.00
# Visual Studio 15
Project("{8BC9CEB8-8B4A-11D0-8D11-00A0C91BC942}") = "3d", "3d.vcxproj", "{4841F80C-1A76-43A6-A18F-24772867DC58}"
EndProject
Project("{8BC9CEB8-8B4A-11D0-8D11-00A0C91BC942}") = "3d_multi", "3d_multi.vcxproj", "{55F56A0C-8382-4FE4-BEC1-0DD907B71057}"
EndProject
Project("{8BC9CEB8-8B4A-11D0-8D11-00A0C91BC942}") = "event_parameter", "event_parameter.vcxproj", "{C0DD15C9-0B89-470F-9ECB-5F5EE4204D97}"
EndProject
Project("{8BC9CEB8-8B4A-11D0-8D11-00A0C91BC942}") = "load_banks", "load_banks.vcxproj", "{A74A9ED7-3C41-4E54-BA8E-A2D233F261C7}"
EndProject
Project("{8BC9CEB8-8B4A-11D0-8D11-00A0C91BC942}") = "music_callbacks", "music_callbacks.vcxproj", "{D9CDE3FF-9396-41AF-B7AA-96F97A19AD93}"
EndProject
Project("{8BC9CEB8-8B4A-11D0-8D11-00A0C91BC942}") = "objectpan", "objectpan.vcxproj", "{66A3F55D-A138-4B81-BD09-EF372046389F}"
EndProject
Project("{8BC9CEB8-8B4A-11D0-8D11-00A0C91BC942}") = "programmer_sound", "programmer_sound.vcxproj", "{5EE59DF0-2BE7-451F-9391-16C270D79AD9}"
EndProject
Project("{8BC9CEB8-8B4A-11D0-8D11-00A0C91BC942}") = "recording_playback", "recording_playback.vcxproj", "{C8289352-3B42-4724-9EFB-BB258B123D49}"
EndProject
Project("{8BC9CEB8-8B4A-11D0-8D11-00A0C91BC942}") = "simple_event", "simple_event.vcxproj", "{B8B0032E-2C8A-4953-AA8A-E6C4C9291716}"
EndProject
Project("{8BC9CEB8-8B4A-11D0-8D11-00A0C91BC942}") = "_toolkit", "%SCE_ORBIS_SDK_DIR%\target\samples\sample_code\graphics\api_gnm\toolkit\toolkit.vcxproj", "{2F4CCF89-7649-4C7F-8CBF-F976B4FBC2B6}"
EndProject
Project("{8BC9CEB8-8B4A-11D0-8D11-00A0C91BC942}") = "_dbg_font", "%SCE_ORBIS_SDK_DIR%\target\samples\sample_code\graphics\api_gnm\dbg_font\dbg_font.vcxproj", "{43565AD8-688C-4451-A81F-2ABA8E957753}"
EndProject
Project("{2150E333-8FDC-42A3-9474-1A3956D46DE8}") = "Framework", "Framework", "{8301136F-A6E7-498F-9AEE-D063F5667C57}"
EndProject
Global
	GlobalSection(SolutionConfigurationPlatforms) = preSolution
		Debug|ORBIS = Debug|ORBIS
		Release|ORBIS = Release|ORBIS
	EndGlobalSection
	GlobalSection(ProjectConfigurationPlatforms) = postSolution
		{4841F80C-1A76-43A6-A18F-24772867DC58}.Debug|ORBIS.ActiveCfg = Debug|ORBIS
		{4841F80C-1A76-43A6-A18F-24772867DC58}.Debug|ORBIS.Build.0 = Debug|ORBIS
		{4841F80C-1A76-43A6-A18F-24772867DC58}.Debug|ORBIS.Deploy.0 = Debug|ORBIS
		{4841F80C-1A76-43A6-A18F-24772867DC58}.Release|ORBIS.ActiveCfg = Release|ORBIS
		{4841F80C-1A76-43A6-A18F-24772867DC58}.Release|ORBIS.Build.0 = Release|ORBIS
		{4841F80C-1A76-43A6-A18F-24772867DC58}.Release|ORBIS.Deploy.0 = Release|ORBIS
		{55F56A0C-8382-4FE4-BEC1-0DD907B71057}.Debug|ORBIS.ActiveCfg = Debug|ORBIS
		{55F56A0C-8382-4FE4-BEC1-0DD907B71057}.Debug|ORBIS.Build.0 = Debug|ORBIS
		{55F56A0C-8382-4FE4-BEC1-0DD907B71057}.Debug|ORBIS.Deploy.0 = Debug|ORBIS
		{55F56A0C-8382-4FE4-BEC1-0DD907B71057}.Release|ORBIS.ActiveCfg = Release|ORBIS
		{55F56A0C-8382-4FE4-BEC1-0DD907B71057}.Release|ORBIS.Build.0 = Release|ORBIS
		{55F56A0C-8382-4FE4-BEC1-0DD907B71057}.Release|ORBIS.Deploy.0 = Release|ORBIS
		{C0DD15C9-0B89-470F-9ECB-5F5EE4204D97}.Debug|ORBIS.ActiveCfg = Debug|ORBIS
		{C0DD15C9-0B89-470F-9ECB-5F5EE4204D97}.Debug|ORBIS.Build.0 = Debug|ORBIS
		{C0DD15C9-0B89-470F-9ECB-5F5EE4204D97}.Debug|ORBIS.Deploy.0 = Debug|ORBIS
		{C0DD15C9-0B89-470F-9ECB-5F5EE4204D97}.Release|ORBIS.ActiveCfg = Release|ORBIS
		{C0DD15C9-0B89-470F-9ECB-5F5EE4204D97}.Release|ORBIS.Build.0 = Release|ORBIS
		{C0DD15C9-0B89-470F-9ECB-5F5EE4204D97}.Release|ORBIS.Deploy.0 = Release|ORBIS
		{A74A9ED7-3C41-4E54-BA8E-A2D233F261C7}.Debug|ORBIS.ActiveCfg = Debug|ORBIS
		{A74A9ED7-3C41-4E54-BA8E-A2D233F261C7}.Debug|ORBIS.Build.0 = Debug|ORBIS
		{A74A9ED7-3C41-4E54-BA8E-A2D233F261C7}.Debug|ORBIS.Deploy.0 = Debug|ORBIS
		{A74A9ED7-3C41-4E54-BA8E-A2D233F261C7}.Release|ORBIS.ActiveCfg = Release|ORBIS
		{A74A9ED7-3C41-4E54-BA8E-A2D233F261C7}.Release|ORBIS.Build.0 = Release|ORBIS
		{A74A9ED7-3C41-4E54-BA8E-A2D233F261C7}.Release|ORBIS.Deploy.0 = Release|ORBIS
		{D9CDE3FF-9396-41AF-B7AA-96F97A19AD93}.Debug|ORBIS.ActiveCfg = Debug|ORBIS
		{D9CDE3FF-9396-41AF-B7AA-96F97A19AD93}.Debug|ORBIS.Build.0 = Debug|ORBIS
		{D9CDE3FF-9396-41AF-B7AA-96F97A19AD93}.Debug|ORBIS.Deploy.0 = Debug|ORBIS
		{D9CDE3FF-9396-41AF-B7AA-96F97A19AD93}.Release|ORBIS.ActiveCfg = Release|ORBIS
		{D9CDE3FF-9396-41AF-B7AA-96F97A19AD93}.Release|ORBIS.Build.0 = Release|ORBIS
		{D9CDE3FF-9396-41AF-B7AA-96F97A19AD93}.Release|ORBIS.Deploy.0 = Release|ORBIS
		{66A3F55D-A138-4B81-BD09-EF372046389F}.Debug|ORBIS.ActiveCfg = Debug|ORBIS
		{66A3F55D-A138-4B81-BD09-EF372046389F}.Debug|ORBIS.Build.0 = Debug|ORBIS
		{66A3F55D-A138-4B81-BD09-EF372046389F}.Debug|ORBIS.Deploy.0 = Debug|ORBIS
		{66A3F55D-A138-4B81-BD09-EF372046389F}.Release|ORBIS.ActiveCfg = Release|ORBIS
		{66A3F55D-A138-4B81-BD09-EF372046389F}.Release|ORBIS.Build.0 = Release|ORBIS
		{66A3F55D-A138-4B81-BD09-EF372046389F}.Release|ORBIS.Deploy.0 = Release|ORBIS
		{5EE59DF0-2BE7-451F-9391-16C270D79AD9}.Debug|ORBIS.ActiveCfg = Debug|ORBIS
		{5EE59DF0-2BE7-451F-9391-16C270D79AD9}.Debug|ORBIS.Build.0 = Debug|ORBIS
		{5EE59DF0-2BE7-451F-9391-16C270D79AD9}.Debug|ORBIS.Deploy.0 = Debug|ORBIS
		{5EE59DF0-2BE7-451F-9391-16C270D79AD9}.Release|ORBIS.ActiveCfg = Release|ORBIS
		{5EE59DF0-2BE7-451F-9391-16C270D79AD9}.Release|ORBIS.Build.0 = Release|ORBIS
		{5EE59DF0-2BE7-451F-9391-16C270D79AD9}.Release|ORBIS.Deploy.0 = Release|ORBIS
		{C8289352-3B42-4724-9EFB-BB258B123D49}.Debug|ORBIS.ActiveCfg = Debug|ORBIS
		{C8289352-3B42-4724-9EFB-BB258B123D49}.Debug|ORBIS.Build.0 = Debug|ORBIS
		{C8289352-3B42-4724-9EFB-BB258B123D49}.Debug|ORBIS.Deploy.0 = Debug|ORBIS
		{C8289352-3B42-4724-9EFB-BB258B123D49}.Release|ORBIS.ActiveCfg = Release|ORBIS
		{C8289352-3B42-4724-9EFB-BB258B123D49}.Release|ORBIS.Build.0 = Release|ORBIS
		{C8289352-3B42-4724-9EFB-BB258B123D49}.Release|ORBIS.Deploy.0 = Release|ORBIS
		{B8B0032E-2C8A-4953-AA8A-E6C4C9291716}.Debug|ORBIS.ActiveCfg = Debug|ORBIS
		{B8B0032E-2C8A-4953-AA8A-E6C4C9291716}.Debug|ORBIS.Build.0 = Debug|ORBIS
		{B8B0032E-2C8A-4953-AA8A-E6C4C9291716}.Debug|ORBIS.Deploy.0 = Debug|ORBIS
		{B8B0032E-2C8A-4953-AA8A-E6C4C9291716}.Release|ORBIS.ActiveCfg = Release|ORBIS
		{B8B0032E-2C8A-4953-AA8A-E6C4C9291716}.Release|ORBIS.Build.0 = Release|ORBIS
		{B8B0032E-2C8A-4953-AA8A-E6C4C9291716}.Release|ORBIS.Deploy.0 = Release|ORBIS
		{2F4CCF89-7649-4C7F-8CBF-F976B4FBC2B6}.Debug|ORBIS.ActiveCfg = Debug|ORBIS
		{2F4CCF89-7649-4C7F-8CBF-F976B4FBC2B6}.Debug|ORBIS.Build.0 = Debug|ORBIS
		{2F4CCF89-7649-4C7F-8CBF-F976B4FBC2B6}.Release|ORBIS.ActiveCfg = Release|ORBIS
		{2F4CCF89-7649-4C7F-8CBF-F976B4FBC2B6}.Release|ORBIS.Build.0 = Release|ORBIS
		{43565AD8-688C-4451-A81F-2ABA8E957753}.Debug|ORBIS.ActiveCfg = Debug|ORBIS
		{43565AD8-688C-4451-A81F-2ABA8E957753}.Debug|ORBIS.Build.0 = Debug|ORBIS
		{43565AD8-688C-4451-A81F-2ABA8E957753}.Release|ORBIS.ActiveCfg = Release|ORBIS
		{43565AD8-688C-4451-A81F-2ABA8E957753}.Release|ORBIS.Build.0 = Release|ORBIS
	EndGlobalSection
	GlobalSection(SolutionProperties) = preSolution
		HideSolutionNode = FALSE
	EndGlobalSection
	GlobalSection(NestedProjects) = preSolution
		{43565AD8-688C-4451-A81F-2ABA8E957753} = {8301136F-A6E7-498F-9AEE-D063F5667C57}
		{2F4CCF89-7649-4C7F-8CBF-F976B4FBC2B6} = {8301136F-A6E7-498F-9AEE-D063F5667C57}
	EndGlobalSection
EndGlobal
