<?xml version="1.0" encoding="utf-8"?>
<Project ToolsVersion="4.0" xmlns="http://schemas.microsoft.com/developer/msbuild/2003">
  <ItemGroup>
    <Filter Include="CollisionDetection">
      <UniqueIdentifier>{7c45a941-5f3a-4dc9-b113-df0c37be8dd0}</UniqueIdentifier>
    </Filter>
    <Filter Include="Networking">
      <UniqueIdentifier>{dddf3464-b165-4008-a2e5-453151aa4c21}</UniqueIdentifier>
    </Filter>
    <Filter Include="AI">
      <UniqueIdentifier>{ed419283-b2e2-421f-a417-ff0c62260d42}</UniqueIdentifier>
    </Filter>
    <Filter Include="Other">
      <UniqueIdentifier>{7d85adc6-7681-4657-8953-c5696f06c66d}</UniqueIdentifier>
    </Filter>
    <Filter Include="ComponentSystem">
      <UniqueIdentifier>{1128895f-f5d4-4ba5-8c1c-33e794fb9717}</UniqueIdentifier>
    </Filter>
    <Filter Include="PowerUpBase">
      <UniqueIdentifier>{dd1e01ea-950e-4e80-b50d-60d46ba7b98c}</UniqueIdentifier>
    </Filter>
    <Filter Include="Debuffs">
      <UniqueIdentifier>{36d3e3d2-b79e-4012-801f-6d324988542c}</UniqueIdentifier>
    </Filter>
    <Filter Include="Buffs">
      <UniqueIdentifier>{d9bdc679-24ce-4486-8551-1fe1175fdc00}</UniqueIdentifier>
    </Filter>
    <Filter Include="Other\Pathfinding">
      <UniqueIdentifier>{84f869c2-c73b-4eb0-ace4-ff4d685ef4ee}</UniqueIdentifier>
    </Filter>
  </ItemGroup>
  <ItemGroup>
    <ClInclude Include="CollisionDetection.h">
      <Filter>CollisionDetection</Filter>
    </ClInclude>
    <ClInclude Include="Ray.h">
      <Filter>CollisionDetection</Filter>
    </ClInclude>
    <ClInclude Include="StateMachine.h">
      <Filter>AI</Filter>
    </ClInclude>
    <ClInclude Include="StateTransition.h">
      <Filter>AI</Filter>
    </ClInclude>
    <ClInclude Include="State.h">
      <Filter>AI</Filter>
    </ClInclude>
    <ClInclude Include="PushdownState.h">
      <Filter>AI</Filter>
    </ClInclude>
    <ClInclude Include="PushdownMachine.h">
      <Filter>AI</Filter>
    </ClInclude>
    <ClInclude Include="NetworkBase.h">
      <Filter>Networking</Filter>
    </ClInclude>
    <ClInclude Include="GameServer.h">
      <Filter>Networking</Filter>
    </ClInclude>
    <ClInclude Include="GameClient.h">
      <Filter>Networking</Filter>
    </ClInclude>
    <ClInclude Include="SphereVolume.h">
      <Filter>CollisionDetection</Filter>
    </ClInclude>
    <ClInclude Include="OBBVolume.h">
      <Filter>CollisionDetection</Filter>
    </ClInclude>
    <ClInclude Include="AABBVolume.h">
      <Filter>CollisionDetection</Filter>
    </ClInclude>
    <ClInclude Include="CollisionVolume.h">
      <Filter>CollisionDetection</Filter>
    </ClInclude>
    <ClInclude Include="NavigationPath.h">
      <Filter>Other\Pathfinding</Filter>
    </ClInclude>
    <ClInclude Include="NavigationGrid.h">
      <Filter>Other\Pathfinding</Filter>
    </ClInclude>
    <ClInclude Include="NavigationMesh.h">
      <Filter>Other\Pathfinding</Filter>
    </ClInclude>
    <ClInclude Include="NavigationMap.h">
      <Filter>Other\Pathfinding</Filter>
    </ClInclude>
    <ClInclude Include="QuadTree.h">
      <Filter>CollisionDetection</Filter>
    </ClInclude>
    <ClInclude Include="NetworkState.h">
      <Filter>Networking</Filter>
    </ClInclude>
    <ClInclude Include="NetworkObject.h">
      <Filter>Networking</Filter>
    </ClInclude>
    <ClInclude Include="BoundingAABB.h">
      <Filter>CollisionDetection</Filter>
    </ClInclude>
    <ClInclude Include="BoundingOOBB.h">
      <Filter>CollisionDetection</Filter>
    </ClInclude>
    <ClInclude Include="BoundingSphere.h">
      <Filter>CollisionDetection</Filter>
    </ClInclude>
    <ClInclude Include="BoundingVolume.h">
      <Filter>CollisionDetection</Filter>
    </ClInclude>
    <ClInclude Include="GameObject.h">
      <Filter>Other</Filter>
    </ClInclude>
    <ClInclude Include="GameWorld.h">
      <Filter>Other</Filter>
    </ClInclude>
    <ClInclude Include="RenderObject.h">
      <Filter>Other</Filter>
    </ClInclude>
    <ClInclude Include="Transform.h">
      <Filter>Other</Filter>
    </ClInclude>
    <ClInclude Include="Debug.h">
      <Filter>Other</Filter>
    </ClInclude>
    <ClInclude Include="Component.h">
      <Filter>ComponentSystem</Filter>
    </ClInclude>
    <ClInclude Include="Script.h">
      <Filter>ComponentSystem</Filter>
    </ClInclude>
    <ClInclude Include="Timed.h">
      <Filter>PowerUpBase</Filter>
    </ClInclude>
    <ClInclude Include="Targeted.h">
      <Filter>PowerUpBase</Filter>
    </ClInclude>
    <ClInclude Include="PowerUp.h">
      <Filter>PowerUpBase</Filter>
    </ClInclude>
    <ClInclude Include="cubeDebuff.h">
      <Filter>Debuffs</Filter>
    </ClInclude>
    <ClInclude Include="ShotTracker.h">
      <Filter>ComponentSystem</Filter>
    </ClInclude>
    <ClInclude Include="TestBuff.h">
      <Filter>Buffs</Filter>
    </ClInclude>
    <ClInclude Include="LimitedShot.h">
      <Filter>PowerUpBase</Filter>
    </ClInclude>
    <ClInclude Include="offForward.h">
      <Filter>Debuffs</Filter>
    </ClInclude>
    <ClInclude Include="SpeedBoost.h">
      <Filter>Buffs</Filter>
    </ClInclude>
    <ClInclude Include="Homing.h">
      <Filter>Buffs</Filter>
    </ClInclude>
  </ItemGroup>
  <ItemGroup>
    <ClCompile Include="CollisionDetection.cpp">
      <Filter>CollisionDetection</Filter>
    </ClCompile>
    <ClCompile Include="StateMachine.cpp">
      <Filter>AI</Filter>
    </ClCompile>
    <ClCompile Include="StateTransition.cpp">
      <Filter>AI</Filter>
    </ClCompile>
    <ClCompile Include="PushdownState.cpp">
      <Filter>AI</Filter>
    </ClCompile>
    <ClCompile Include="PushdownMachine.cpp">
      <Filter>AI</Filter>
    </ClCompile>
    <ClCompile Include="GameServer.cpp">
      <Filter>Networking</Filter>
    </ClCompile>
    <ClCompile Include="NetworkBase.cpp">
      <Filter>Networking</Filter>
    </ClCompile>
    <ClCompile Include="GameClient.cpp">
      <Filter>Networking</Filter>
    </ClCompile>
    <ClCompile Include="NavigationGrid.cpp">
      <Filter>Other\Pathfinding</Filter>
    </ClCompile>
    <ClCompile Include="NavigationMesh.cpp">
      <Filter>Other\Pathfinding</Filter>
    </ClCompile>
    <ClCompile Include="QuadTree.cpp">
      <Filter>CollisionDetection</Filter>
    </ClCompile>
    <ClCompile Include="NetworkState.cpp">
      <Filter>Networking</Filter>
    </ClCompile>
    <ClCompile Include="NetworkObject.cpp">
      <Filter>Networking</Filter>
    </ClCompile>
    <ClCompile Include="BoundingAABB.cpp">
      <Filter>CollisionDetection</Filter>
    </ClCompile>
    <ClCompile Include="BoundingOOBB.cpp">
      <Filter>CollisionDetection</Filter>
    </ClCompile>
    <ClCompile Include="BoundingSphere.cpp">
      <Filter>CollisionDetection</Filter>
    </ClCompile>
    <ClCompile Include="BoundingVolume.cpp">
      <Filter>CollisionDetection</Filter>
    </ClCompile>
    <ClCompile Include="Debug.cpp">
      <Filter>Other</Filter>
    </ClCompile>
    <ClCompile Include="GameObject.cpp">
      <Filter>Other</Filter>
    </ClCompile>
    <ClCompile Include="GameWorld.cpp">
      <Filter>Other</Filter>
    </ClCompile>
    <ClCompile Include="RenderObject.cpp">
      <Filter>Other</Filter>
    </ClCompile>
    <ClCompile Include="Transform.cpp">
      <Filter>Other</Filter>
    </ClCompile>
    <ClCompile Include="Component.cpp">
      <Filter>ComponentSystem</Filter>
    </ClCompile>
    <ClCompile Include="Script.cpp">
      <Filter>ComponentSystem</Filter>
    </ClCompile>
    <ClCompile Include="Timed.cpp">
      <Filter>PowerUpBase</Filter>
    </ClCompile>
    <ClCompile Include="Targeted.cpp">
      <Filter>PowerUpBase</Filter>
    </ClCompile>
    <ClCompile Include="cubeDebuff.cpp">
      <Filter>Debuffs</Filter>
    </ClCompile>
    <ClCompile Include="TestBuff.cpp">
      <Filter>Buffs</Filter>
    </ClCompile>
    <ClCompile Include="LimitedShot.cpp">
      <Filter>PowerUpBase</Filter>
    </ClCompile>
    <ClCompile Include="offForward.cpp">
      <Filter>Debuffs</Filter>
    </ClCompile>
    <ClCompile Include="SpeedBoost.cpp">
      <Filter>Buffs</Filter>
    </ClCompile>
    <ClCompile Include="Homing.cpp">
      <Filter>Buffs</Filter>
    </ClCompile>
  </ItemGroup>
</Project>