
Microsoft Visual Studio Solution File, Format Version 12.00
# Visual Studio 14
Project("{8BC9CEB8-8B4A-11D0-8D11-00A0C91BC942}") = "3d", "3d.vcxproj", "{0CA996EE-51B1-4626-B7D9-7BBBA0F3F505}"
EndProject
Project("{8BC9CEB8-8B4A-11D0-8D11-00A0C91BC942}") = "channel_groups", "channel_groups.vcxproj", "{B57CF2BD-2EBB-4241-8095-D9284B437670}"
EndProject
Project("{8BC9CEB8-8B4A-11D0-8D11-00A0C91BC942}") = "convolution_reverb", "convolution_reverb.vcxproj", "{9452E464-ECAE-43BB-B47D-0FDCDF3E4A72}"
EndProject
Project("{8BC9CEB8-8B4A-11D0-8D11-00A0C91BC942}") = "dsp_custom", "dsp_custom.vcxproj", "{A2E3B358-0B83-438A-A258-F48918BB7E79}"
EndProject
Project("{8BC9CEB8-8B4A-11D0-8D11-00A0C91BC942}") = "dsp_effect_per_speaker", "dsp_effect_per_speaker.vcxproj", "{379EEAEB-F88F-4C13-8EC6-A655EE659C78}"
EndProject
Project("{8BC9CEB8-8B4A-11D0-8D11-00A0C91BC942}") = "dsp_inspector", "dsp_inspector.vcxproj", "{DFCE7479-5056-48BB-A684-7234DFFAB2A5}"
EndProject
Project("{8BC9CEB8-8B4A-11D0-8D11-00A0C91BC942}") = "effects", "effects.vcxproj", "{854B67FA-BD12-4B89-B1C1-386A2529A8A0}"
EndProject
Project("{8BC9CEB8-8B4A-11D0-8D11-00A0C91BC942}") = "gapless_playback", "gapless_playback.vcxproj", "{B212A7C9-D5C2-4BDF-BC63-51B14843B0BF}"
EndProject
Project("{8BC9CEB8-8B4A-11D0-8D11-00A0C91BC942}") = "generate_tone", "generate_tone.vcxproj", "{F5B106E8-0A8E-40F5-9350-CEC7CD4358EE}"
EndProject
Project("{8BC9CEB8-8B4A-11D0-8D11-00A0C91BC942}") = "gpu_compute", "gpu_compute.vcxproj", "{53B63506-CF3F-49C3-A0FA-04A95A1C2722}"
EndProject
Project("{8BC9CEB8-8B4A-11D0-8D11-00A0C91BC942}") = "granular_synth", "granular_synth.vcxproj", "{19B82D9E-6084-4E78-9312-7FC5E02BA3C5}"
EndProject
Project("{8BC9CEB8-8B4A-11D0-8D11-00A0C91BC942}") = "load_from_memory", "load_from_memory.vcxproj", "{447E36EF-F5BD-4662-B41B-643DF10864BD}"
EndProject
Project("{8BC9CEB8-8B4A-11D0-8D11-00A0C91BC942}") = "multiple_speaker", "multiple_speaker.vcxproj", "{5F298A3F-4C51-40CA-91BD-23A4F91B1A38}"
EndProject
Project("{8BC9CEB8-8B4A-11D0-8D11-00A0C91BC942}") = "multiple_system", "multiple_system.vcxproj", "{A76BBC32-30FF-418F-8410-5BC980ED300E}"
EndProject
Project("{8BC9CEB8-8B4A-11D0-8D11-00A0C91BC942}") = "net_stream", "net_stream.vcxproj", "{B2D66244-DF9F-4356-A217-2DE5D7EF4B7C}"
EndProject
Project("{8BC9CEB8-8B4A-11D0-8D11-00A0C91BC942}") = "output_ports", "output_ports.vcxproj", "{098060FF-9CD0-4917-AA59-E8D94595626F}"
EndProject
Project("{8BC9CEB8-8B4A-11D0-8D11-00A0C91BC942}") = "play_sound", "play_sound.vcxproj", "{A7B594EC-BB0C-479D-B997-25D01EDC6481}"
EndProject
Project("{8BC9CEB8-8B4A-11D0-8D11-00A0C91BC942}") = "play_stream", "play_stream.vcxproj", "{DBFCEA3D-6A15-42E2-886D-0842661160DE}"
EndProject
Project("{8BC9CEB8-8B4A-11D0-8D11-00A0C91BC942}") = "record", "record.vcxproj", "{AE935F76-8DFC-4A23-8CFD-6789D7FD136D}"
EndProject
Project("{8BC9CEB8-8B4A-11D0-8D11-00A0C91BC942}") = "record_enumeration", "record_enumeration.vcxproj", "{9777858A-8648-41F9-BB43-DBA523C2CD0B}"
EndProject
Project("{8BC9CEB8-8B4A-11D0-8D11-00A0C91BC942}") = "user_created_sound", "user_created_sound.vcxproj", "{0CB7ED0E-824B-4D62-90C5-8CA748A5685C}"
EndProject
Project("{8BC9CEB8-8B4A-11D0-8D11-00A0C91BC942}") = "fmod_codec_raw", "fmod_codec_raw.vcxproj", "{48322E6C-946E-4EF3-8369-C6F20D2084A7}"
EndProject
Project("{8BC9CEB8-8B4A-11D0-8D11-00A0C91BC942}") = "fmod_distance_filter", "fmod_distance_filter.vcxproj", "{06718D73-327F-45BA-9D32-11F8853D8570}"
EndProject
Project("{8BC9CEB8-8B4A-11D0-8D11-00A0C91BC942}") = "fmod_gain", "fmod_gain.vcxproj", "{1D3DA0B1-B4B8-4C98-888F-F50606DFE0E1}"
EndProject
Project("{8BC9CEB8-8B4A-11D0-8D11-00A0C91BC942}") = "fmod_noise", "fmod_noise.vcxproj", "{2F029D9D-2340-4674-B1E4-D65DD4958BDA}"
EndProject
Project("{8BC9CEB8-8B4A-11D0-8D11-00A0C91BC942}") = "_toolkit", "%SCE_ORBIS_SDK_DIR%\target\samples\sample_code\graphics\api_gnm\toolkit\toolkit.vcxproj", "{2F4CCF89-7649-4C7F-8CBF-F976B4FBC2B6}"
EndProject
Project("{8BC9CEB8-8B4A-11D0-8D11-00A0C91BC942}") = "_dbg_font", "%SCE_ORBIS_SDK_DIR%\target\samples\sample_code\graphics\api_gnm\dbg_font\dbg_font.vcxproj", "{43565AD8-688C-4451-A81F-2ABA8E957753}"
EndProject
Project("{2150E333-8FDC-42A3-9474-1A3956D46DE8}") = "Framework", "Framework", "{8301136F-A6E7-498F-9AEE-D063F5667C57}"
EndProject
Global
	GlobalSection(SolutionConfigurationPlatforms) = preSolution
		Debug|ORBIS = Debug|ORBIS
		Release|ORBIS = Release|ORBIS
	EndGlobalSection
	GlobalSection(ProjectConfigurationPlatforms) = postSolution
		{0CA996EE-51B1-4626-B7D9-7BBBA0F3F505}.Debug|ORBIS.ActiveCfg = Debug|ORBIS
		{0CA996EE-51B1-4626-B7D9-7BBBA0F3F505}.Debug|ORBIS.Build.0 = Debug|ORBIS
		{0CA996EE-51B1-4626-B7D9-7BBBA0F3F505}.Debug|ORBIS.Deploy.0 = Debug|ORBIS
		{0CA996EE-51B1-4626-B7D9-7BBBA0F3F505}.Release|ORBIS.ActiveCfg = Release|ORBIS
		{0CA996EE-51B1-4626-B7D9-7BBBA0F3F505}.Release|ORBIS.Build.0 = Release|ORBIS
		{0CA996EE-51B1-4626-B7D9-7BBBA0F3F505}.Release|ORBIS.Deploy.0 = Release|ORBIS
		{B57CF2BD-2EBB-4241-8095-D9284B437670}.Debug|ORBIS.ActiveCfg = Debug|ORBIS
		{B57CF2BD-2EBB-4241-8095-D9284B437670}.Debug|ORBIS.Build.0 = Debug|ORBIS
		{B57CF2BD-2EBB-4241-8095-D9284B437670}.Debug|ORBIS.Deploy.0 = Debug|ORBIS
		{B57CF2BD-2EBB-4241-8095-D9284B437670}.Release|ORBIS.ActiveCfg = Release|ORBIS
		{B57CF2BD-2EBB-4241-8095-D9284B437670}.Release|ORBIS.Build.0 = Release|ORBIS
		{B57CF2BD-2EBB-4241-8095-D9284B437670}.Release|ORBIS.Deploy.0 = Release|ORBIS
		{9452E464-ECAE-43BB-B47D-0FDCDF3E4A72}.Debug|ORBIS.ActiveCfg = Debug|ORBIS
		{9452E464-ECAE-43BB-B47D-0FDCDF3E4A72}.Debug|ORBIS.Build.0 = Debug|ORBIS
		{9452E464-ECAE-43BB-B47D-0FDCDF3E4A72}.Debug|ORBIS.Deploy.0 = Debug|ORBIS
		{9452E464-ECAE-43BB-B47D-0FDCDF3E4A72}.Release|ORBIS.ActiveCfg = Release|ORBIS
		{9452E464-ECAE-43BB-B47D-0FDCDF3E4A72}.Release|ORBIS.Build.0 = Release|ORBIS
		{9452E464-ECAE-43BB-B47D-0FDCDF3E4A72}.Release|ORBIS.Deploy.0 = Release|ORBIS
		{A2E3B358-0B83-438A-A258-F48918BB7E79}.Debug|ORBIS.ActiveCfg = Debug|ORBIS
		{A2E3B358-0B83-438A-A258-F48918BB7E79}.Debug|ORBIS.Build.0 = Debug|ORBIS
		{A2E3B358-0B83-438A-A258-F48918BB7E79}.Debug|ORBIS.Deploy.0 = Debug|ORBIS
		{A2E3B358-0B83-438A-A258-F48918BB7E79}.Release|ORBIS.ActiveCfg = Release|ORBIS
		{A2E3B358-0B83-438A-A258-F48918BB7E79}.Release|ORBIS.Build.0 = Release|ORBIS
		{A2E3B358-0B83-438A-A258-F48918BB7E79}.Release|ORBIS.Deploy.0 = Release|ORBIS
		{379EEAEB-F88F-4C13-8EC6-A655EE659C78}.Debug|ORBIS.ActiveCfg = Debug|ORBIS
		{379EEAEB-F88F-4C13-8EC6-A655EE659C78}.Debug|ORBIS.Build.0 = Debug|ORBIS
		{379EEAEB-F88F-4C13-8EC6-A655EE659C78}.Debug|ORBIS.Deploy.0 = Debug|ORBIS
		{379EEAEB-F88F-4C13-8EC6-A655EE659C78}.Release|ORBIS.ActiveCfg = Release|ORBIS
		{379EEAEB-F88F-4C13-8EC6-A655EE659C78}.Release|ORBIS.Build.0 = Release|ORBIS
		{379EEAEB-F88F-4C13-8EC6-A655EE659C78}.Release|ORBIS.Deploy.0 = Release|ORBIS
		{DFCE7479-5056-48BB-A684-7234DFFAB2A5}.Debug|ORBIS.ActiveCfg = Debug|ORBIS
		{DFCE7479-5056-48BB-A684-7234DFFAB2A5}.Debug|ORBIS.Build.0 = Debug|ORBIS
		{DFCE7479-5056-48BB-A684-7234DFFAB2A5}.Debug|ORBIS.Deploy.0 = Debug|ORBIS
		{DFCE7479-5056-48BB-A684-7234DFFAB2A5}.Release|ORBIS.ActiveCfg = Release|ORBIS
		{DFCE7479-5056-48BB-A684-7234DFFAB2A5}.Release|ORBIS.Build.0 = Release|ORBIS
		{DFCE7479-5056-48BB-A684-7234DFFAB2A5}.Release|ORBIS.Deploy.0 = Release|ORBIS
		{854B67FA-BD12-4B89-B1C1-386A2529A8A0}.Debug|ORBIS.ActiveCfg = Debug|ORBIS
		{854B67FA-BD12-4B89-B1C1-386A2529A8A0}.Debug|ORBIS.Build.0 = Debug|ORBIS
		{854B67FA-BD12-4B89-B1C1-386A2529A8A0}.Debug|ORBIS.Deploy.0 = Debug|ORBIS
		{854B67FA-BD12-4B89-B1C1-386A2529A8A0}.Release|ORBIS.ActiveCfg = Release|ORBIS
		{854B67FA-BD12-4B89-B1C1-386A2529A8A0}.Release|ORBIS.Build.0 = Release|ORBIS
		{854B67FA-BD12-4B89-B1C1-386A2529A8A0}.Release|ORBIS.Deploy.0 = Release|ORBIS
		{B212A7C9-D5C2-4BDF-BC63-51B14843B0BF}.Debug|ORBIS.ActiveCfg = Debug|ORBIS
		{B212A7C9-D5C2-4BDF-BC63-51B14843B0BF}.Debug|ORBIS.Build.0 = Debug|ORBIS
		{B212A7C9-D5C2-4BDF-BC63-51B14843B0BF}.Debug|ORBIS.Deploy.0 = Debug|ORBIS
		{B212A7C9-D5C2-4BDF-BC63-51B14843B0BF}.Release|ORBIS.ActiveCfg = Release|ORBIS
		{B212A7C9-D5C2-4BDF-BC63-51B14843B0BF}.Release|ORBIS.Build.0 = Release|ORBIS
		{B212A7C9-D5C2-4BDF-BC63-51B14843B0BF}.Release|ORBIS.Deploy.0 = Release|ORBIS
		{F5B106E8-0A8E-40F5-9350-CEC7CD4358EE}.Debug|ORBIS.ActiveCfg = Debug|ORBIS
		{F5B106E8-0A8E-40F5-9350-CEC7CD4358EE}.Debug|ORBIS.Build.0 = Debug|ORBIS
		{F5B106E8-0A8E-40F5-9350-CEC7CD4358EE}.Debug|ORBIS.Deploy.0 = Debug|ORBIS
		{F5B106E8-0A8E-40F5-9350-CEC7CD4358EE}.Release|ORBIS.ActiveCfg = Release|ORBIS
		{F5B106E8-0A8E-40F5-9350-CEC7CD4358EE}.Release|ORBIS.Build.0 = Release|ORBIS
		{F5B106E8-0A8E-40F5-9350-CEC7CD4358EE}.Release|ORBIS.Deploy.0 = Release|ORBIS
		{53B63506-CF3F-49C3-A0FA-04A95A1C2722}.Debug|ORBIS.ActiveCfg = Debug|ORBIS
		{53B63506-CF3F-49C3-A0FA-04A95A1C2722}.Debug|ORBIS.Build.0 = Debug|ORBIS
		{53B63506-CF3F-49C3-A0FA-04A95A1C2722}.Debug|ORBIS.Deploy.0 = Debug|ORBIS
		{53B63506-CF3F-49C3-A0FA-04A95A1C2722}.Release|ORBIS.ActiveCfg = Release|ORBIS
		{53B63506-CF3F-49C3-A0FA-04A95A1C2722}.Release|ORBIS.Build.0 = Release|ORBIS
		{53B63506-CF3F-49C3-A0FA-04A95A1C2722}.Release|ORBIS.Deploy.0 = Release|ORBIS
		{19B82D9E-6084-4E78-9312-7FC5E02BA3C5}.Debug|ORBIS.ActiveCfg = Debug|ORBIS
		{19B82D9E-6084-4E78-9312-7FC5E02BA3C5}.Debug|ORBIS.Build.0 = Debug|ORBIS
		{19B82D9E-6084-4E78-9312-7FC5E02BA3C5}.Debug|ORBIS.Deploy.0 = Debug|ORBIS
		{19B82D9E-6084-4E78-9312-7FC5E02BA3C5}.Release|ORBIS.ActiveCfg = Release|ORBIS
		{19B82D9E-6084-4E78-9312-7FC5E02BA3C5}.Release|ORBIS.Build.0 = Release|ORBIS
		{19B82D9E-6084-4E78-9312-7FC5E02BA3C5}.Release|ORBIS.Deploy.0 = Release|ORBIS
		{447E36EF-F5BD-4662-B41B-643DF10864BD}.Debug|ORBIS.ActiveCfg = Debug|ORBIS
		{447E36EF-F5BD-4662-B41B-643DF10864BD}.Debug|ORBIS.Build.0 = Debug|ORBIS
		{447E36EF-F5BD-4662-B41B-643DF10864BD}.Debug|ORBIS.Deploy.0 = Debug|ORBIS
		{447E36EF-F5BD-4662-B41B-643DF10864BD}.Release|ORBIS.ActiveCfg = Release|ORBIS
		{447E36EF-F5BD-4662-B41B-643DF10864BD}.Release|ORBIS.Build.0 = Release|ORBIS
		{447E36EF-F5BD-4662-B41B-643DF10864BD}.Release|ORBIS.Deploy.0 = Release|ORBIS
		{5F298A3F-4C51-40CA-91BD-23A4F91B1A38}.Debug|ORBIS.ActiveCfg = Debug|ORBIS
		{5F298A3F-4C51-40CA-91BD-23A4F91B1A38}.Debug|ORBIS.Build.0 = Debug|ORBIS
		{5F298A3F-4C51-40CA-91BD-23A4F91B1A38}.Debug|ORBIS.Deploy.0 = Debug|ORBIS
		{5F298A3F-4C51-40CA-91BD-23A4F91B1A38}.Release|ORBIS.ActiveCfg = Release|ORBIS
		{5F298A3F-4C51-40CA-91BD-23A4F91B1A38}.Release|ORBIS.Build.0 = Release|ORBIS
		{5F298A3F-4C51-40CA-91BD-23A4F91B1A38}.Release|ORBIS.Deploy.0 = Release|ORBIS
		{A76BBC32-30FF-418F-8410-5BC980ED300E}.Debug|ORBIS.ActiveCfg = Debug|ORBIS
		{A76BBC32-30FF-418F-8410-5BC980ED300E}.Debug|ORBIS.Build.0 = Debug|ORBIS
		{A76BBC32-30FF-418F-8410-5BC980ED300E}.Debug|ORBIS.Deploy.0 = Debug|ORBIS
		{A76BBC32-30FF-418F-8410-5BC980ED300E}.Release|ORBIS.ActiveCfg = Release|ORBIS
		{A76BBC32-30FF-418F-8410-5BC980ED300E}.Release|ORBIS.Build.0 = Release|ORBIS
		{A76BBC32-30FF-418F-8410-5BC980ED300E}.Release|ORBIS.Deploy.0 = Release|ORBIS
		{B2D66244-DF9F-4356-A217-2DE5D7EF4B7C}.Debug|ORBIS.ActiveCfg = Debug|ORBIS
		{B2D66244-DF9F-4356-A217-2DE5D7EF4B7C}.Debug|ORBIS.Build.0 = Debug|ORBIS
		{B2D66244-DF9F-4356-A217-2DE5D7EF4B7C}.Debug|ORBIS.Deploy.0 = Debug|ORBIS
		{B2D66244-DF9F-4356-A217-2DE5D7EF4B7C}.Release|ORBIS.ActiveCfg = Release|ORBIS
		{B2D66244-DF9F-4356-A217-2DE5D7EF4B7C}.Release|ORBIS.Build.0 = Release|ORBIS
		{B2D66244-DF9F-4356-A217-2DE5D7EF4B7C}.Release|ORBIS.Deploy.0 = Release|ORBIS
		{098060FF-9CD0-4917-AA59-E8D94595626F}.Debug|ORBIS.ActiveCfg = Debug|ORBIS
		{098060FF-9CD0-4917-AA59-E8D94595626F}.Debug|ORBIS.Build.0 = Debug|ORBIS
		{098060FF-9CD0-4917-AA59-E8D94595626F}.Debug|ORBIS.Deploy.0 = Debug|ORBIS
		{098060FF-9CD0-4917-AA59-E8D94595626F}.Release|ORBIS.ActiveCfg = Release|ORBIS
		{098060FF-9CD0-4917-AA59-E8D94595626F}.Release|ORBIS.Build.0 = Release|ORBIS
		{098060FF-9CD0-4917-AA59-E8D94595626F}.Release|ORBIS.Deploy.0 = Release|ORBIS
		{A7B594EC-BB0C-479D-B997-25D01EDC6481}.Debug|ORBIS.ActiveCfg = Debug|ORBIS
		{A7B594EC-BB0C-479D-B997-25D01EDC6481}.Debug|ORBIS.Build.0 = Debug|ORBIS
		{A7B594EC-BB0C-479D-B997-25D01EDC6481}.Debug|ORBIS.Deploy.0 = Debug|ORBIS
		{A7B594EC-BB0C-479D-B997-25D01EDC6481}.Release|ORBIS.ActiveCfg = Release|ORBIS
		{A7B594EC-BB0C-479D-B997-25D01EDC6481}.Release|ORBIS.Build.0 = Release|ORBIS
		{A7B594EC-BB0C-479D-B997-25D01EDC6481}.Release|ORBIS.Deploy.0 = Release|ORBIS
		{DBFCEA3D-6A15-42E2-886D-0842661160DE}.Debug|ORBIS.ActiveCfg = Debug|ORBIS
		{DBFCEA3D-6A15-42E2-886D-0842661160DE}.Debug|ORBIS.Build.0 = Debug|ORBIS
		{DBFCEA3D-6A15-42E2-886D-0842661160DE}.Debug|ORBIS.Deploy.0 = Debug|ORBIS
		{DBFCEA3D-6A15-42E2-886D-0842661160DE}.Release|ORBIS.ActiveCfg = Release|ORBIS
		{DBFCEA3D-6A15-42E2-886D-0842661160DE}.Release|ORBIS.Build.0 = Release|ORBIS
		{DBFCEA3D-6A15-42E2-886D-0842661160DE}.Release|ORBIS.Deploy.0 = Release|ORBIS
		{AE935F76-8DFC-4A23-8CFD-6789D7FD136D}.Debug|ORBIS.ActiveCfg = Debug|ORBIS
		{AE935F76-8DFC-4A23-8CFD-6789D7FD136D}.Debug|ORBIS.Build.0 = Debug|ORBIS
		{AE935F76-8DFC-4A23-8CFD-6789D7FD136D}.Debug|ORBIS.Deploy.0 = Debug|ORBIS
		{AE935F76-8DFC-4A23-8CFD-6789D7FD136D}.Release|ORBIS.ActiveCfg = Release|ORBIS
		{AE935F76-8DFC-4A23-8CFD-6789D7FD136D}.Release|ORBIS.Build.0 = Release|ORBIS
		{AE935F76-8DFC-4A23-8CFD-6789D7FD136D}.Release|ORBIS.Deploy.0 = Release|ORBIS
		{9777858A-8648-41F9-BB43-DBA523C2CD0B}.Debug|ORBIS.ActiveCfg = Debug|ORBIS
		{9777858A-8648-41F9-BB43-DBA523C2CD0B}.Debug|ORBIS.Build.0 = Debug|ORBIS
		{9777858A-8648-41F9-BB43-DBA523C2CD0B}.Debug|ORBIS.Deploy.0 = Debug|ORBIS
		{9777858A-8648-41F9-BB43-DBA523C2CD0B}.Release|ORBIS.ActiveCfg = Release|ORBIS
		{9777858A-8648-41F9-BB43-DBA523C2CD0B}.Release|ORBIS.Build.0 = Release|ORBIS
		{9777858A-8648-41F9-BB43-DBA523C2CD0B}.Release|ORBIS.Deploy.0 = Release|ORBIS
		{0CB7ED0E-824B-4D62-90C5-8CA748A5685C}.Debug|ORBIS.ActiveCfg = Debug|ORBIS
		{0CB7ED0E-824B-4D62-90C5-8CA748A5685C}.Debug|ORBIS.Build.0 = Debug|ORBIS
		{0CB7ED0E-824B-4D62-90C5-8CA748A5685C}.Debug|ORBIS.Deploy.0 = Debug|ORBIS
		{0CB7ED0E-824B-4D62-90C5-8CA748A5685C}.Release|ORBIS.ActiveCfg = Release|ORBIS
		{0CB7ED0E-824B-4D62-90C5-8CA748A5685C}.Release|ORBIS.Build.0 = Release|ORBIS
		{0CB7ED0E-824B-4D62-90C5-8CA748A5685C}.Release|ORBIS.Deploy.0 = Release|ORBIS
		{48322E6C-946E-4EF3-8369-C6F20D2084A7}.Debug|ORBIS.ActiveCfg = Debug|ORBIS
		{48322E6C-946E-4EF3-8369-C6F20D2084A7}.Debug|ORBIS.Build.0 = Debug|ORBIS
		{48322E6C-946E-4EF3-8369-C6F20D2084A7}.Debug|ORBIS.Deploy.0 = Debug|ORBIS
		{48322E6C-946E-4EF3-8369-C6F20D2084A7}.Release|ORBIS.ActiveCfg = Release|ORBIS
		{48322E6C-946E-4EF3-8369-C6F20D2084A7}.Release|ORBIS.Build.0 = Release|ORBIS
		{48322E6C-946E-4EF3-8369-C6F20D2084A7}.Release|ORBIS.Deploy.0 = Release|ORBIS
		{06718D73-327F-45BA-9D32-11F8853D8570}.Debug|ORBIS.ActiveCfg = Debug|ORBIS
		{06718D73-327F-45BA-9D32-11F8853D8570}.Debug|ORBIS.Build.0 = Debug|ORBIS
		{06718D73-327F-45BA-9D32-11F8853D8570}.Debug|ORBIS.Deploy.0 = Debug|ORBIS
		{06718D73-327F-45BA-9D32-11F8853D8570}.Release|ORBIS.ActiveCfg = Release|ORBIS
		{06718D73-327F-45BA-9D32-11F8853D8570}.Release|ORBIS.Build.0 = Release|ORBIS
		{06718D73-327F-45BA-9D32-11F8853D8570}.Release|ORBIS.Deploy.0 = Release|ORBIS
		{1D3DA0B1-B4B8-4C98-888F-F50606DFE0E1}.Debug|ORBIS.ActiveCfg = Debug|ORBIS
		{1D3DA0B1-B4B8-4C98-888F-F50606DFE0E1}.Debug|ORBIS.Build.0 = Debug|ORBIS
		{1D3DA0B1-B4B8-4C98-888F-F50606DFE0E1}.Debug|ORBIS.Deploy.0 = Debug|ORBIS
		{1D3DA0B1-B4B8-4C98-888F-F50606DFE0E1}.Release|ORBIS.ActiveCfg = Release|ORBIS
		{1D3DA0B1-B4B8-4C98-888F-F50606DFE0E1}.Release|ORBIS.Build.0 = Release|ORBIS
		{1D3DA0B1-B4B8-4C98-888F-F50606DFE0E1}.Release|ORBIS.Deploy.0 = Release|ORBIS
		{2F029D9D-2340-4674-B1E4-D65DD4958BDA}.Debug|ORBIS.ActiveCfg = Debug|ORBIS
		{2F029D9D-2340-4674-B1E4-D65DD4958BDA}.Debug|ORBIS.Build.0 = Debug|ORBIS
		{2F029D9D-2340-4674-B1E4-D65DD4958BDA}.Debug|ORBIS.Deploy.0 = Debug|ORBIS
		{2F029D9D-2340-4674-B1E4-D65DD4958BDA}.Release|ORBIS.ActiveCfg = Release|ORBIS
		{2F029D9D-2340-4674-B1E4-D65DD4958BDA}.Release|ORBIS.Build.0 = Release|ORBIS
		{2F029D9D-2340-4674-B1E4-D65DD4958BDA}.Release|ORBIS.Deploy.0 = Release|ORBIS
		{2F4CCF89-7649-4C7F-8CBF-F976B4FBC2B6}.Debug|ORBIS.ActiveCfg = Debug|ORBIS
		{2F4CCF89-7649-4C7F-8CBF-F976B4FBC2B6}.Debug|ORBIS.Build.0 = Debug|ORBIS
		{2F4CCF89-7649-4C7F-8CBF-F976B4FBC2B6}.Release|ORBIS.ActiveCfg = Release|ORBIS
		{2F4CCF89-7649-4C7F-8CBF-F976B4FBC2B6}.Release|ORBIS.Build.0 = Release|ORBIS
		{43565AD8-688C-4451-A81F-2ABA8E957753}.Debug|ORBIS.ActiveCfg = Debug|ORBIS
		{43565AD8-688C-4451-A81F-2ABA8E957753}.Debug|ORBIS.Build.0 = Debug|ORBIS
		{43565AD8-688C-4451-A81F-2ABA8E957753}.Release|ORBIS.ActiveCfg = Release|ORBIS
		{43565AD8-688C-4451-A81F-2ABA8E957753}.Release|ORBIS.Build.0 = Release|ORBIS
	EndGlobalSection
	GlobalSection(SolutionProperties) = preSolution
		HideSolutionNode = FALSE
	EndGlobalSection
	GlobalSection(NestedProjects) = preSolution
		{43565AD8-688C-4451-A81F-2ABA8E957753} = {8301136F-A6E7-498F-9AEE-D063F5667C57}
		{2F4CCF89-7649-4C7F-8CBF-F976B4FBC2B6} = {8301136F-A6E7-498F-9AEE-D063F5667C57}
	EndGlobalSection
EndGlobal
