
Microsoft Visual Studio Solution File, Format Version 12.00
# Visual Studio 14
Project("{8BC9CEB8-8B4A-11D0-8D11-00A0C91BC942}") = "3d", "3d.vcxproj", "{47F1AF68-3B96-4022-B8DB-6AA5591D63BD}"
EndProject
Project("{8BC9CEB8-8B4A-11D0-8D11-00A0C91BC942}") = "3d_multi", "3d_multi.vcxproj", "{E5EA5AA9-F84F-4723-8A49-F9F9A9B7805D}"
EndProject
Project("{8BC9CEB8-8B4A-11D0-8D11-00A0C91BC942}") = "event_parameter", "event_parameter.vcxproj", "{404D30A8-17B1-4DBE-A135-92323E1ED006}"
EndProject
Project("{8BC9CEB8-8B4A-11D0-8D11-00A0C91BC942}") = "load_banks", "load_banks.vcxproj", "{7DD259D1-9504-4C1D-A6CD-8DBD5FBAA984}"
EndProject
Project("{8BC9CEB8-8B4A-11D0-8D11-00A0C91BC942}") = "music_callbacks", "music_callbacks.vcxproj", "{854EA04F-527A-417B-9F7A-D1AD13DD3EE2}"
EndProject
Project("{8BC9CEB8-8B4A-11D0-8D11-00A0C91BC942}") = "objectpan", "objectpan.vcxproj", "{89A0184A-0B73-4C9A-AE72-A38FA67D18C0}"
EndProject
Project("{8BC9CEB8-8B4A-11D0-8D11-00A0C91BC942}") = "programmer_sound", "programmer_sound.vcxproj", "{B875D95A-1154-41D6-9EE2-391BEE175178}"
EndProject
Project("{8BC9CEB8-8B4A-11D0-8D11-00A0C91BC942}") = "recording_playback", "recording_playback.vcxproj", "{81594D57-9ECA-41B3-8EA0-4652BAD6A4B2}"
EndProject
Project("{8BC9CEB8-8B4A-11D0-8D11-00A0C91BC942}") = "simple_event", "simple_event.vcxproj", "{5176DA3D-948C-4F77-8134-8B9848E6E483}"
EndProject
Project("{8BC9CEB8-8B4A-11D0-8D11-00A0C91BC942}") = "_toolkit", "%SCE_ORBIS_SDK_DIR%\target\samples\sample_code\graphics\api_gnm\toolkit\toolkit.vcxproj", "{2F4CCF89-7649-4C7F-8CBF-F976B4FBC2B6}"
EndProject
Project("{8BC9CEB8-8B4A-11D0-8D11-00A0C91BC942}") = "_dbg_font", "%SCE_ORBIS_SDK_DIR%\target\samples\sample_code\graphics\api_gnm\dbg_font\dbg_font.vcxproj", "{43565AD8-688C-4451-A81F-2ABA8E957753}"
EndProject
Project("{2150E333-8FDC-42A3-9474-1A3956D46DE8}") = "Framework", "Framework", "{8301136F-A6E7-498F-9AEE-D063F5667C57}"
EndProject
Global
	GlobalSection(SolutionConfigurationPlatforms) = preSolution
		Debug|ORBIS = Debug|ORBIS
		Release|ORBIS = Release|ORBIS
	EndGlobalSection
	GlobalSection(ProjectConfigurationPlatforms) = postSolution
		{47F1AF68-3B96-4022-B8DB-6AA5591D63BD}.Debug|ORBIS.ActiveCfg = Debug|ORBIS
		{47F1AF68-3B96-4022-B8DB-6AA5591D63BD}.Debug|ORBIS.Build.0 = Debug|ORBIS
		{47F1AF68-3B96-4022-B8DB-6AA5591D63BD}.Debug|ORBIS.Deploy.0 = Debug|ORBIS
		{47F1AF68-3B96-4022-B8DB-6AA5591D63BD}.Release|ORBIS.ActiveCfg = Release|ORBIS
		{47F1AF68-3B96-4022-B8DB-6AA5591D63BD}.Release|ORBIS.Build.0 = Release|ORBIS
		{47F1AF68-3B96-4022-B8DB-6AA5591D63BD}.Release|ORBIS.Deploy.0 = Release|ORBIS
		{E5EA5AA9-F84F-4723-8A49-F9F9A9B7805D}.Debug|ORBIS.ActiveCfg = Debug|ORBIS
		{E5EA5AA9-F84F-4723-8A49-F9F9A9B7805D}.Debug|ORBIS.Build.0 = Debug|ORBIS
		{E5EA5AA9-F84F-4723-8A49-F9F9A9B7805D}.Debug|ORBIS.Deploy.0 = Debug|ORBIS
		{E5EA5AA9-F84F-4723-8A49-F9F9A9B7805D}.Release|ORBIS.ActiveCfg = Release|ORBIS
		{E5EA5AA9-F84F-4723-8A49-F9F9A9B7805D}.Release|ORBIS.Build.0 = Release|ORBIS
		{E5EA5AA9-F84F-4723-8A49-F9F9A9B7805D}.Release|ORBIS.Deploy.0 = Release|ORBIS
		{404D30A8-17B1-4DBE-A135-92323E1ED006}.Debug|ORBIS.ActiveCfg = Debug|ORBIS
		{404D30A8-17B1-4DBE-A135-92323E1ED006}.Debug|ORBIS.Build.0 = Debug|ORBIS
		{404D30A8-17B1-4DBE-A135-92323E1ED006}.Debug|ORBIS.Deploy.0 = Debug|ORBIS
		{404D30A8-17B1-4DBE-A135-92323E1ED006}.Release|ORBIS.ActiveCfg = Release|ORBIS
		{404D30A8-17B1-4DBE-A135-92323E1ED006}.Release|ORBIS.Build.0 = Release|ORBIS
		{404D30A8-17B1-4DBE-A135-92323E1ED006}.Release|ORBIS.Deploy.0 = Release|ORBIS
		{7DD259D1-9504-4C1D-A6CD-8DBD5FBAA984}.Debug|ORBIS.ActiveCfg = Debug|ORBIS
		{7DD259D1-9504-4C1D-A6CD-8DBD5FBAA984}.Debug|ORBIS.Build.0 = Debug|ORBIS
		{7DD259D1-9504-4C1D-A6CD-8DBD5FBAA984}.Debug|ORBIS.Deploy.0 = Debug|ORBIS
		{7DD259D1-9504-4C1D-A6CD-8DBD5FBAA984}.Release|ORBIS.ActiveCfg = Release|ORBIS
		{7DD259D1-9504-4C1D-A6CD-8DBD5FBAA984}.Release|ORBIS.Build.0 = Release|ORBIS
		{7DD259D1-9504-4C1D-A6CD-8DBD5FBAA984}.Release|ORBIS.Deploy.0 = Release|ORBIS
		{854EA04F-527A-417B-9F7A-D1AD13DD3EE2}.Debug|ORBIS.ActiveCfg = Debug|ORBIS
		{854EA04F-527A-417B-9F7A-D1AD13DD3EE2}.Debug|ORBIS.Build.0 = Debug|ORBIS
		{854EA04F-527A-417B-9F7A-D1AD13DD3EE2}.Debug|ORBIS.Deploy.0 = Debug|ORBIS
		{854EA04F-527A-417B-9F7A-D1AD13DD3EE2}.Release|ORBIS.ActiveCfg = Release|ORBIS
		{854EA04F-527A-417B-9F7A-D1AD13DD3EE2}.Release|ORBIS.Build.0 = Release|ORBIS
		{854EA04F-527A-417B-9F7A-D1AD13DD3EE2}.Release|ORBIS.Deploy.0 = Release|ORBIS
		{89A0184A-0B73-4C9A-AE72-A38FA67D18C0}.Debug|ORBIS.ActiveCfg = Debug|ORBIS
		{89A0184A-0B73-4C9A-AE72-A38FA67D18C0}.Debug|ORBIS.Build.0 = Debug|ORBIS
		{89A0184A-0B73-4C9A-AE72-A38FA67D18C0}.Debug|ORBIS.Deploy.0 = Debug|ORBIS
		{89A0184A-0B73-4C9A-AE72-A38FA67D18C0}.Release|ORBIS.ActiveCfg = Release|ORBIS
		{89A0184A-0B73-4C9A-AE72-A38FA67D18C0}.Release|ORBIS.Build.0 = Release|ORBIS
		{89A0184A-0B73-4C9A-AE72-A38FA67D18C0}.Release|ORBIS.Deploy.0 = Release|ORBIS
		{B875D95A-1154-41D6-9EE2-391BEE175178}.Debug|ORBIS.ActiveCfg = Debug|ORBIS
		{B875D95A-1154-41D6-9EE2-391BEE175178}.Debug|ORBIS.Build.0 = Debug|ORBIS
		{B875D95A-1154-41D6-9EE2-391BEE175178}.Debug|ORBIS.Deploy.0 = Debug|ORBIS
		{B875D95A-1154-41D6-9EE2-391BEE175178}.Release|ORBIS.ActiveCfg = Release|ORBIS
		{B875D95A-1154-41D6-9EE2-391BEE175178}.Release|ORBIS.Build.0 = Release|ORBIS
		{B875D95A-1154-41D6-9EE2-391BEE175178}.Release|ORBIS.Deploy.0 = Release|ORBIS
		{81594D57-9ECA-41B3-8EA0-4652BAD6A4B2}.Debug|ORBIS.ActiveCfg = Debug|ORBIS
		{81594D57-9ECA-41B3-8EA0-4652BAD6A4B2}.Debug|ORBIS.Build.0 = Debug|ORBIS
		{81594D57-9ECA-41B3-8EA0-4652BAD6A4B2}.Debug|ORBIS.Deploy.0 = Debug|ORBIS
		{81594D57-9ECA-41B3-8EA0-4652BAD6A4B2}.Release|ORBIS.ActiveCfg = Release|ORBIS
		{81594D57-9ECA-41B3-8EA0-4652BAD6A4B2}.Release|ORBIS.Build.0 = Release|ORBIS
		{81594D57-9ECA-41B3-8EA0-4652BAD6A4B2}.Release|ORBIS.Deploy.0 = Release|ORBIS
		{5176DA3D-948C-4F77-8134-8B9848E6E483}.Debug|ORBIS.ActiveCfg = Debug|ORBIS
		{5176DA3D-948C-4F77-8134-8B9848E6E483}.Debug|ORBIS.Build.0 = Debug|ORBIS
		{5176DA3D-948C-4F77-8134-8B9848E6E483}.Debug|ORBIS.Deploy.0 = Debug|ORBIS
		{5176DA3D-948C-4F77-8134-8B9848E6E483}.Release|ORBIS.ActiveCfg = Release|ORBIS
		{5176DA3D-948C-4F77-8134-8B9848E6E483}.Release|ORBIS.Build.0 = Release|ORBIS
		{5176DA3D-948C-4F77-8134-8B9848E6E483}.Release|ORBIS.Deploy.0 = Release|ORBIS
		{2F4CCF89-7649-4C7F-8CBF-F976B4FBC2B6}.Debug|ORBIS.ActiveCfg = Debug|ORBIS
		{2F4CCF89-7649-4C7F-8CBF-F976B4FBC2B6}.Debug|ORBIS.Build.0 = Debug|ORBIS
		{2F4CCF89-7649-4C7F-8CBF-F976B4FBC2B6}.Release|ORBIS.ActiveCfg = Release|ORBIS
		{2F4CCF89-7649-4C7F-8CBF-F976B4FBC2B6}.Release|ORBIS.Build.0 = Release|ORBIS
		{43565AD8-688C-4451-A81F-2ABA8E957753}.Debug|ORBIS.ActiveCfg = Debug|ORBIS
		{43565AD8-688C-4451-A81F-2ABA8E957753}.Debug|ORBIS.Build.0 = Debug|ORBIS
		{43565AD8-688C-4451-A81F-2ABA8E957753}.Release|ORBIS.ActiveCfg = Release|ORBIS
		{43565AD8-688C-4451-A81F-2ABA8E957753}.Release|ORBIS.Build.0 = Release|ORBIS
	EndGlobalSection
	GlobalSection(SolutionProperties) = preSolution
		HideSolutionNode = FALSE
	EndGlobalSection
	GlobalSection(NestedProjects) = preSolution
		{43565AD8-688C-4451-A81F-2ABA8E957753} = {8301136F-A6E7-498F-9AEE-D063F5667C57}
		{2F4CCF89-7649-4C7F-8CBF-F976B4FBC2B6} = {8301136F-A6E7-498F-9AEE-D063F5667C57}
	EndGlobalSection
EndGlobal
