
Microsoft Visual Studio Solution File, Format Version 12.00
# Visual Studio Version 16
Project("{8BC9CEB8-8B4A-11D0-8D11-00A0C91BC942}") = "3d", "3d.vcxproj", "{B1C53710-A8D1-45A2-AA2A-51129132BED7}"
EndProject
Project("{8BC9CEB8-8B4A-11D0-8D11-00A0C91BC942}") = "channel_groups", "channel_groups.vcxproj", "{89274052-0DAB-403D-A91D-418B43902C43}"
EndProject
Project("{8BC9CEB8-8B4A-11D0-8D11-00A0C91BC942}") = "convolution_reverb", "convolution_reverb.vcxproj", "{DE35EDFE-19CF-4EA0-9C02-745D01ECA614}"
EndProject
Project("{8BC9CEB8-8B4A-11D0-8D11-00A0C91BC942}") = "dsp_custom", "dsp_custom.vcxproj", "{97D16030-A7DD-486C-9A37-E67659C7CC6E}"
EndProject
Project("{8BC9CEB8-8B4A-11D0-8D11-00A0C91BC942}") = "dsp_effect_per_speaker", "dsp_effect_per_speaker.vcxproj", "{06143514-1146-4C4E-ADE0-4B83C478F50A}"
EndProject
Project("{8BC9CEB8-8B4A-11D0-8D11-00A0C91BC942}") = "dsp_inspector", "dsp_inspector.vcxproj", "{1175FC86-D724-40FA-B27A-1E5BC79A5D42}"
EndProject
Project("{8BC9CEB8-8B4A-11D0-8D11-00A0C91BC942}") = "effects", "effects.vcxproj", "{2A608EA6-11B5-4C9D-B832-D612B66AC638}"
EndProject
Project("{8BC9CEB8-8B4A-11D0-8D11-00A0C91BC942}") = "gapless_playback", "gapless_playback.vcxproj", "{87DD15C1-0823-47E3-9F55-20574A4BB922}"
EndProject
Project("{8BC9CEB8-8B4A-11D0-8D11-00A0C91BC942}") = "generate_tone", "generate_tone.vcxproj", "{2A300458-A8E7-40DB-B96A-4D55B2307BC8}"
EndProject
Project("{8BC9CEB8-8B4A-11D0-8D11-00A0C91BC942}") = "gpu_compute", "gpu_compute.vcxproj", "{535B5D0A-6969-40F3-BA3E-E129654BF4D1}"
EndProject
Project("{8BC9CEB8-8B4A-11D0-8D11-00A0C91BC942}") = "granular_synth", "granular_synth.vcxproj", "{66E7BF91-F25F-4424-B53A-4943796C9201}"
EndProject
Project("{8BC9CEB8-8B4A-11D0-8D11-00A0C91BC942}") = "load_from_memory", "load_from_memory.vcxproj", "{B4F2C13C-3B18-4814-A069-26F942D20FED}"
EndProject
Project("{8BC9CEB8-8B4A-11D0-8D11-00A0C91BC942}") = "multiple_speaker", "multiple_speaker.vcxproj", "{9968839C-9561-47E8-BD96-D5A6E23D2899}"
EndProject
Project("{8BC9CEB8-8B4A-11D0-8D11-00A0C91BC942}") = "multiple_system", "multiple_system.vcxproj", "{DBF8D0AE-FA04-4967-9223-B18D8E859417}"
EndProject
Project("{8BC9CEB8-8B4A-11D0-8D11-00A0C91BC942}") = "net_stream", "net_stream.vcxproj", "{00042A70-6669-4664-8F04-D50637C718B4}"
EndProject
Project("{8BC9CEB8-8B4A-11D0-8D11-00A0C91BC942}") = "output_ports", "output_ports.vcxproj", "{E9CF4D5C-9EAF-4593-A2CF-2382968BE7FF}"
EndProject
Project("{8BC9CEB8-8B4A-11D0-8D11-00A0C91BC942}") = "play_sound", "play_sound.vcxproj", "{5C6397F5-7A42-40E4-9003-DA299DD89445}"
EndProject
Project("{8BC9CEB8-8B4A-11D0-8D11-00A0C91BC942}") = "play_stream", "play_stream.vcxproj", "{CC6ABF82-8E61-46D2-A0E8-90937C5F7A2B}"
EndProject
Project("{8BC9CEB8-8B4A-11D0-8D11-00A0C91BC942}") = "record", "record.vcxproj", "{254CE1F6-1174-4249-BD5B-95DA174F36A5}"
EndProject
Project("{8BC9CEB8-8B4A-11D0-8D11-00A0C91BC942}") = "record_enumeration", "record_enumeration.vcxproj", "{D01C164F-7F98-4ABC-9367-86B6BD1AC023}"
EndProject
Project("{8BC9CEB8-8B4A-11D0-8D11-00A0C91BC942}") = "user_created_sound", "user_created_sound.vcxproj", "{F22233CB-E069-45CA-839A-9A5D5BF4EF71}"
EndProject
Project("{8BC9CEB8-8B4A-11D0-8D11-00A0C91BC942}") = "fmod_codec_raw", "fmod_codec_raw.vcxproj", "{BBD5B25F-64DE-4D6D-8A72-21AA7B7E4079}"
EndProject
Project("{8BC9CEB8-8B4A-11D0-8D11-00A0C91BC942}") = "fmod_distance_filter", "fmod_distance_filter.vcxproj", "{32C894DF-E030-4B0D-BD6E-7A0CFF697C97}"
EndProject
Project("{8BC9CEB8-8B4A-11D0-8D11-00A0C91BC942}") = "fmod_gain", "fmod_gain.vcxproj", "{ED8C8470-DC35-4BAB-85E8-38BCC60EC4B6}"
EndProject
Project("{8BC9CEB8-8B4A-11D0-8D11-00A0C91BC942}") = "fmod_noise", "fmod_noise.vcxproj", "{5AA8BB57-E87B-42C8-B0D1-D5DECD9A2D04}"
EndProject
Project("{8BC9CEB8-8B4A-11D0-8D11-00A0C91BC942}") = "_toolkit", "%SCE_ORBIS_SDK_DIR%\target\samples\sample_code\graphics\api_gnm\toolkit\toolkit.vcxproj", "{2F4CCF89-7649-4C7F-8CBF-F976B4FBC2B6}"
EndProject
Project("{8BC9CEB8-8B4A-11D0-8D11-00A0C91BC942}") = "_dbg_font", "%SCE_ORBIS_SDK_DIR%\target\samples\sample_code\graphics\api_gnm\dbg_font\dbg_font.vcxproj", "{43565AD8-688C-4451-A81F-2ABA8E957753}"
EndProject
Project("{2150E333-8FDC-42A3-9474-1A3956D46DE8}") = "Framework", "Framework", "{8301136F-A6E7-498F-9AEE-D063F5667C57}"
EndProject
Global
	GlobalSection(SolutionConfigurationPlatforms) = preSolution
		Debug|ORBIS = Debug|ORBIS
		Release|ORBIS = Release|ORBIS
	EndGlobalSection
	GlobalSection(ProjectConfigurationPlatforms) = postSolution
		{B1C53710-A8D1-45A2-AA2A-51129132BED7}.Debug|ORBIS.ActiveCfg = Debug|ORBIS
		{B1C53710-A8D1-45A2-AA2A-51129132BED7}.Debug|ORBIS.Build.0 = Debug|ORBIS
		{B1C53710-A8D1-45A2-AA2A-51129132BED7}.Debug|ORBIS.Deploy.0 = Debug|ORBIS
		{B1C53710-A8D1-45A2-AA2A-51129132BED7}.Release|ORBIS.ActiveCfg = Release|ORBIS
		{B1C53710-A8D1-45A2-AA2A-51129132BED7}.Release|ORBIS.Build.0 = Release|ORBIS
		{B1C53710-A8D1-45A2-AA2A-51129132BED7}.Release|ORBIS.Deploy.0 = Release|ORBIS
		{89274052-0DAB-403D-A91D-418B43902C43}.Debug|ORBIS.ActiveCfg = Debug|ORBIS
		{89274052-0DAB-403D-A91D-418B43902C43}.Debug|ORBIS.Build.0 = Debug|ORBIS
		{89274052-0DAB-403D-A91D-418B43902C43}.Debug|ORBIS.Deploy.0 = Debug|ORBIS
		{89274052-0DAB-403D-A91D-418B43902C43}.Release|ORBIS.ActiveCfg = Release|ORBIS
		{89274052-0DAB-403D-A91D-418B43902C43}.Release|ORBIS.Build.0 = Release|ORBIS
		{89274052-0DAB-403D-A91D-418B43902C43}.Release|ORBIS.Deploy.0 = Release|ORBIS
		{DE35EDFE-19CF-4EA0-9C02-745D01ECA614}.Debug|ORBIS.ActiveCfg = Debug|ORBIS
		{DE35EDFE-19CF-4EA0-9C02-745D01ECA614}.Debug|ORBIS.Build.0 = Debug|ORBIS
		{DE35EDFE-19CF-4EA0-9C02-745D01ECA614}.Debug|ORBIS.Deploy.0 = Debug|ORBIS
		{DE35EDFE-19CF-4EA0-9C02-745D01ECA614}.Release|ORBIS.ActiveCfg = Release|ORBIS
		{DE35EDFE-19CF-4EA0-9C02-745D01ECA614}.Release|ORBIS.Build.0 = Release|ORBIS
		{DE35EDFE-19CF-4EA0-9C02-745D01ECA614}.Release|ORBIS.Deploy.0 = Release|ORBIS
		{97D16030-A7DD-486C-9A37-E67659C7CC6E}.Debug|ORBIS.ActiveCfg = Debug|ORBIS
		{97D16030-A7DD-486C-9A37-E67659C7CC6E}.Debug|ORBIS.Build.0 = Debug|ORBIS
		{97D16030-A7DD-486C-9A37-E67659C7CC6E}.Debug|ORBIS.Deploy.0 = Debug|ORBIS
		{97D16030-A7DD-486C-9A37-E67659C7CC6E}.Release|ORBIS.ActiveCfg = Release|ORBIS
		{97D16030-A7DD-486C-9A37-E67659C7CC6E}.Release|ORBIS.Build.0 = Release|ORBIS
		{97D16030-A7DD-486C-9A37-E67659C7CC6E}.Release|ORBIS.Deploy.0 = Release|ORBIS
		{06143514-1146-4C4E-ADE0-4B83C478F50A}.Debug|ORBIS.ActiveCfg = Debug|ORBIS
		{06143514-1146-4C4E-ADE0-4B83C478F50A}.Debug|ORBIS.Build.0 = Debug|ORBIS
		{06143514-1146-4C4E-ADE0-4B83C478F50A}.Debug|ORBIS.Deploy.0 = Debug|ORBIS
		{06143514-1146-4C4E-ADE0-4B83C478F50A}.Release|ORBIS.ActiveCfg = Release|ORBIS
		{06143514-1146-4C4E-ADE0-4B83C478F50A}.Release|ORBIS.Build.0 = Release|ORBIS
		{06143514-1146-4C4E-ADE0-4B83C478F50A}.Release|ORBIS.Deploy.0 = Release|ORBIS
		{1175FC86-D724-40FA-B27A-1E5BC79A5D42}.Debug|ORBIS.ActiveCfg = Debug|ORBIS
		{1175FC86-D724-40FA-B27A-1E5BC79A5D42}.Debug|ORBIS.Build.0 = Debug|ORBIS
		{1175FC86-D724-40FA-B27A-1E5BC79A5D42}.Debug|ORBIS.Deploy.0 = Debug|ORBIS
		{1175FC86-D724-40FA-B27A-1E5BC79A5D42}.Release|ORBIS.ActiveCfg = Release|ORBIS
		{1175FC86-D724-40FA-B27A-1E5BC79A5D42}.Release|ORBIS.Build.0 = Release|ORBIS
		{1175FC86-D724-40FA-B27A-1E5BC79A5D42}.Release|ORBIS.Deploy.0 = Release|ORBIS
		{2A608EA6-11B5-4C9D-B832-D612B66AC638}.Debug|ORBIS.ActiveCfg = Debug|ORBIS
		{2A608EA6-11B5-4C9D-B832-D612B66AC638}.Debug|ORBIS.Build.0 = Debug|ORBIS
		{2A608EA6-11B5-4C9D-B832-D612B66AC638}.Debug|ORBIS.Deploy.0 = Debug|ORBIS
		{2A608EA6-11B5-4C9D-B832-D612B66AC638}.Release|ORBIS.ActiveCfg = Release|ORBIS
		{2A608EA6-11B5-4C9D-B832-D612B66AC638}.Release|ORBIS.Build.0 = Release|ORBIS
		{2A608EA6-11B5-4C9D-B832-D612B66AC638}.Release|ORBIS.Deploy.0 = Release|ORBIS
		{87DD15C1-0823-47E3-9F55-20574A4BB922}.Debug|ORBIS.ActiveCfg = Debug|ORBIS
		{87DD15C1-0823-47E3-9F55-20574A4BB922}.Debug|ORBIS.Build.0 = Debug|ORBIS
		{87DD15C1-0823-47E3-9F55-20574A4BB922}.Debug|ORBIS.Deploy.0 = Debug|ORBIS
		{87DD15C1-0823-47E3-9F55-20574A4BB922}.Release|ORBIS.ActiveCfg = Release|ORBIS
		{87DD15C1-0823-47E3-9F55-20574A4BB922}.Release|ORBIS.Build.0 = Release|ORBIS
		{87DD15C1-0823-47E3-9F55-20574A4BB922}.Release|ORBIS.Deploy.0 = Release|ORBIS
		{2A300458-A8E7-40DB-B96A-4D55B2307BC8}.Debug|ORBIS.ActiveCfg = Debug|ORBIS
		{2A300458-A8E7-40DB-B96A-4D55B2307BC8}.Debug|ORBIS.Build.0 = Debug|ORBIS
		{2A300458-A8E7-40DB-B96A-4D55B2307BC8}.Debug|ORBIS.Deploy.0 = Debug|ORBIS
		{2A300458-A8E7-40DB-B96A-4D55B2307BC8}.Release|ORBIS.ActiveCfg = Release|ORBIS
		{2A300458-A8E7-40DB-B96A-4D55B2307BC8}.Release|ORBIS.Build.0 = Release|ORBIS
		{2A300458-A8E7-40DB-B96A-4D55B2307BC8}.Release|ORBIS.Deploy.0 = Release|ORBIS
		{535B5D0A-6969-40F3-BA3E-E129654BF4D1}.Debug|ORBIS.ActiveCfg = Debug|ORBIS
		{535B5D0A-6969-40F3-BA3E-E129654BF4D1}.Debug|ORBIS.Build.0 = Debug|ORBIS
		{535B5D0A-6969-40F3-BA3E-E129654BF4D1}.Debug|ORBIS.Deploy.0 = Debug|ORBIS
		{535B5D0A-6969-40F3-BA3E-E129654BF4D1}.Release|ORBIS.ActiveCfg = Release|ORBIS
		{535B5D0A-6969-40F3-BA3E-E129654BF4D1}.Release|ORBIS.Build.0 = Release|ORBIS
		{535B5D0A-6969-40F3-BA3E-E129654BF4D1}.Release|ORBIS.Deploy.0 = Release|ORBIS
		{66E7BF91-F25F-4424-B53A-4943796C9201}.Debug|ORBIS.ActiveCfg = Debug|ORBIS
		{66E7BF91-F25F-4424-B53A-4943796C9201}.Debug|ORBIS.Build.0 = Debug|ORBIS
		{66E7BF91-F25F-4424-B53A-4943796C9201}.Debug|ORBIS.Deploy.0 = Debug|ORBIS
		{66E7BF91-F25F-4424-B53A-4943796C9201}.Release|ORBIS.ActiveCfg = Release|ORBIS
		{66E7BF91-F25F-4424-B53A-4943796C9201}.Release|ORBIS.Build.0 = Release|ORBIS
		{66E7BF91-F25F-4424-B53A-4943796C9201}.Release|ORBIS.Deploy.0 = Release|ORBIS
		{B4F2C13C-3B18-4814-A069-26F942D20FED}.Debug|ORBIS.ActiveCfg = Debug|ORBIS
		{B4F2C13C-3B18-4814-A069-26F942D20FED}.Debug|ORBIS.Build.0 = Debug|ORBIS
		{B4F2C13C-3B18-4814-A069-26F942D20FED}.Debug|ORBIS.Deploy.0 = Debug|ORBIS
		{B4F2C13C-3B18-4814-A069-26F942D20FED}.Release|ORBIS.ActiveCfg = Release|ORBIS
		{B4F2C13C-3B18-4814-A069-26F942D20FED}.Release|ORBIS.Build.0 = Release|ORBIS
		{B4F2C13C-3B18-4814-A069-26F942D20FED}.Release|ORBIS.Deploy.0 = Release|ORBIS
		{9968839C-9561-47E8-BD96-D5A6E23D2899}.Debug|ORBIS.ActiveCfg = Debug|ORBIS
		{9968839C-9561-47E8-BD96-D5A6E23D2899}.Debug|ORBIS.Build.0 = Debug|ORBIS
		{9968839C-9561-47E8-BD96-D5A6E23D2899}.Debug|ORBIS.Deploy.0 = Debug|ORBIS
		{9968839C-9561-47E8-BD96-D5A6E23D2899}.Release|ORBIS.ActiveCfg = Release|ORBIS
		{9968839C-9561-47E8-BD96-D5A6E23D2899}.Release|ORBIS.Build.0 = Release|ORBIS
		{9968839C-9561-47E8-BD96-D5A6E23D2899}.Release|ORBIS.Deploy.0 = Release|ORBIS
		{DBF8D0AE-FA04-4967-9223-B18D8E859417}.Debug|ORBIS.ActiveCfg = Debug|ORBIS
		{DBF8D0AE-FA04-4967-9223-B18D8E859417}.Debug|ORBIS.Build.0 = Debug|ORBIS
		{DBF8D0AE-FA04-4967-9223-B18D8E859417}.Debug|ORBIS.Deploy.0 = Debug|ORBIS
		{DBF8D0AE-FA04-4967-9223-B18D8E859417}.Release|ORBIS.ActiveCfg = Release|ORBIS
		{DBF8D0AE-FA04-4967-9223-B18D8E859417}.Release|ORBIS.Build.0 = Release|ORBIS
		{DBF8D0AE-FA04-4967-9223-B18D8E859417}.Release|ORBIS.Deploy.0 = Release|ORBIS
		{00042A70-6669-4664-8F04-D50637C718B4}.Debug|ORBIS.ActiveCfg = Debug|ORBIS
		{00042A70-6669-4664-8F04-D50637C718B4}.Debug|ORBIS.Build.0 = Debug|ORBIS
		{00042A70-6669-4664-8F04-D50637C718B4}.Debug|ORBIS.Deploy.0 = Debug|ORBIS
		{00042A70-6669-4664-8F04-D50637C718B4}.Release|ORBIS.ActiveCfg = Release|ORBIS
		{00042A70-6669-4664-8F04-D50637C718B4}.Release|ORBIS.Build.0 = Release|ORBIS
		{00042A70-6669-4664-8F04-D50637C718B4}.Release|ORBIS.Deploy.0 = Release|ORBIS
		{E9CF4D5C-9EAF-4593-A2CF-2382968BE7FF}.Debug|ORBIS.ActiveCfg = Debug|ORBIS
		{E9CF4D5C-9EAF-4593-A2CF-2382968BE7FF}.Debug|ORBIS.Build.0 = Debug|ORBIS
		{E9CF4D5C-9EAF-4593-A2CF-2382968BE7FF}.Debug|ORBIS.Deploy.0 = Debug|ORBIS
		{E9CF4D5C-9EAF-4593-A2CF-2382968BE7FF}.Release|ORBIS.ActiveCfg = Release|ORBIS
		{E9CF4D5C-9EAF-4593-A2CF-2382968BE7FF}.Release|ORBIS.Build.0 = Release|ORBIS
		{E9CF4D5C-9EAF-4593-A2CF-2382968BE7FF}.Release|ORBIS.Deploy.0 = Release|ORBIS
		{5C6397F5-7A42-40E4-9003-DA299DD89445}.Debug|ORBIS.ActiveCfg = Debug|ORBIS
		{5C6397F5-7A42-40E4-9003-DA299DD89445}.Debug|ORBIS.Build.0 = Debug|ORBIS
		{5C6397F5-7A42-40E4-9003-DA299DD89445}.Debug|ORBIS.Deploy.0 = Debug|ORBIS
		{5C6397F5-7A42-40E4-9003-DA299DD89445}.Release|ORBIS.ActiveCfg = Release|ORBIS
		{5C6397F5-7A42-40E4-9003-DA299DD89445}.Release|ORBIS.Build.0 = Release|ORBIS
		{5C6397F5-7A42-40E4-9003-DA299DD89445}.Release|ORBIS.Deploy.0 = Release|ORBIS
		{CC6ABF82-8E61-46D2-A0E8-90937C5F7A2B}.Debug|ORBIS.ActiveCfg = Debug|ORBIS
		{CC6ABF82-8E61-46D2-A0E8-90937C5F7A2B}.Debug|ORBIS.Build.0 = Debug|ORBIS
		{CC6ABF82-8E61-46D2-A0E8-90937C5F7A2B}.Debug|ORBIS.Deploy.0 = Debug|ORBIS
		{CC6ABF82-8E61-46D2-A0E8-90937C5F7A2B}.Release|ORBIS.ActiveCfg = Release|ORBIS
		{CC6ABF82-8E61-46D2-A0E8-90937C5F7A2B}.Release|ORBIS.Build.0 = Release|ORBIS
		{CC6ABF82-8E61-46D2-A0E8-90937C5F7A2B}.Release|ORBIS.Deploy.0 = Release|ORBIS
		{254CE1F6-1174-4249-BD5B-95DA174F36A5}.Debug|ORBIS.ActiveCfg = Debug|ORBIS
		{254CE1F6-1174-4249-BD5B-95DA174F36A5}.Debug|ORBIS.Build.0 = Debug|ORBIS
		{254CE1F6-1174-4249-BD5B-95DA174F36A5}.Debug|ORBIS.Deploy.0 = Debug|ORBIS
		{254CE1F6-1174-4249-BD5B-95DA174F36A5}.Release|ORBIS.ActiveCfg = Release|ORBIS
		{254CE1F6-1174-4249-BD5B-95DA174F36A5}.Release|ORBIS.Build.0 = Release|ORBIS
		{254CE1F6-1174-4249-BD5B-95DA174F36A5}.Release|ORBIS.Deploy.0 = Release|ORBIS
		{D01C164F-7F98-4ABC-9367-86B6BD1AC023}.Debug|ORBIS.ActiveCfg = Debug|ORBIS
		{D01C164F-7F98-4ABC-9367-86B6BD1AC023}.Debug|ORBIS.Build.0 = Debug|ORBIS
		{D01C164F-7F98-4ABC-9367-86B6BD1AC023}.Debug|ORBIS.Deploy.0 = Debug|ORBIS
		{D01C164F-7F98-4ABC-9367-86B6BD1AC023}.Release|ORBIS.ActiveCfg = Release|ORBIS
		{D01C164F-7F98-4ABC-9367-86B6BD1AC023}.Release|ORBIS.Build.0 = Release|ORBIS
		{D01C164F-7F98-4ABC-9367-86B6BD1AC023}.Release|ORBIS.Deploy.0 = Release|ORBIS
		{F22233CB-E069-45CA-839A-9A5D5BF4EF71}.Debug|ORBIS.ActiveCfg = Debug|ORBIS
		{F22233CB-E069-45CA-839A-9A5D5BF4EF71}.Debug|ORBIS.Build.0 = Debug|ORBIS
		{F22233CB-E069-45CA-839A-9A5D5BF4EF71}.Debug|ORBIS.Deploy.0 = Debug|ORBIS
		{F22233CB-E069-45CA-839A-9A5D5BF4EF71}.Release|ORBIS.ActiveCfg = Release|ORBIS
		{F22233CB-E069-45CA-839A-9A5D5BF4EF71}.Release|ORBIS.Build.0 = Release|ORBIS
		{F22233CB-E069-45CA-839A-9A5D5BF4EF71}.Release|ORBIS.Deploy.0 = Release|ORBIS
		{BBD5B25F-64DE-4D6D-8A72-21AA7B7E4079}.Debug|ORBIS.ActiveCfg = Debug|ORBIS
		{BBD5B25F-64DE-4D6D-8A72-21AA7B7E4079}.Debug|ORBIS.Build.0 = Debug|ORBIS
		{BBD5B25F-64DE-4D6D-8A72-21AA7B7E4079}.Debug|ORBIS.Deploy.0 = Debug|ORBIS
		{BBD5B25F-64DE-4D6D-8A72-21AA7B7E4079}.Release|ORBIS.ActiveCfg = Release|ORBIS
		{BBD5B25F-64DE-4D6D-8A72-21AA7B7E4079}.Release|ORBIS.Build.0 = Release|ORBIS
		{BBD5B25F-64DE-4D6D-8A72-21AA7B7E4079}.Release|ORBIS.Deploy.0 = Release|ORBIS
		{32C894DF-E030-4B0D-BD6E-7A0CFF697C97}.Debug|ORBIS.ActiveCfg = Debug|ORBIS
		{32C894DF-E030-4B0D-BD6E-7A0CFF697C97}.Debug|ORBIS.Build.0 = Debug|ORBIS
		{32C894DF-E030-4B0D-BD6E-7A0CFF697C97}.Debug|ORBIS.Deploy.0 = Debug|ORBIS
		{32C894DF-E030-4B0D-BD6E-7A0CFF697C97}.Release|ORBIS.ActiveCfg = Release|ORBIS
		{32C894DF-E030-4B0D-BD6E-7A0CFF697C97}.Release|ORBIS.Build.0 = Release|ORBIS
		{32C894DF-E030-4B0D-BD6E-7A0CFF697C97}.Release|ORBIS.Deploy.0 = Release|ORBIS
		{ED8C8470-DC35-4BAB-85E8-38BCC60EC4B6}.Debug|ORBIS.ActiveCfg = Debug|ORBIS
		{ED8C8470-DC35-4BAB-85E8-38BCC60EC4B6}.Debug|ORBIS.Build.0 = Debug|ORBIS
		{ED8C8470-DC35-4BAB-85E8-38BCC60EC4B6}.Debug|ORBIS.Deploy.0 = Debug|ORBIS
		{ED8C8470-DC35-4BAB-85E8-38BCC60EC4B6}.Release|ORBIS.ActiveCfg = Release|ORBIS
		{ED8C8470-DC35-4BAB-85E8-38BCC60EC4B6}.Release|ORBIS.Build.0 = Release|ORBIS
		{ED8C8470-DC35-4BAB-85E8-38BCC60EC4B6}.Release|ORBIS.Deploy.0 = Release|ORBIS
		{5AA8BB57-E87B-42C8-B0D1-D5DECD9A2D04}.Debug|ORBIS.ActiveCfg = Debug|ORBIS
		{5AA8BB57-E87B-42C8-B0D1-D5DECD9A2D04}.Debug|ORBIS.Build.0 = Debug|ORBIS
		{5AA8BB57-E87B-42C8-B0D1-D5DECD9A2D04}.Debug|ORBIS.Deploy.0 = Debug|ORBIS
		{5AA8BB57-E87B-42C8-B0D1-D5DECD9A2D04}.Release|ORBIS.ActiveCfg = Release|ORBIS
		{5AA8BB57-E87B-42C8-B0D1-D5DECD9A2D04}.Release|ORBIS.Build.0 = Release|ORBIS
		{5AA8BB57-E87B-42C8-B0D1-D5DECD9A2D04}.Release|ORBIS.Deploy.0 = Release|ORBIS
		{2F4CCF89-7649-4C7F-8CBF-F976B4FBC2B6}.Debug|ORBIS.ActiveCfg = Debug|ORBIS
		{2F4CCF89-7649-4C7F-8CBF-F976B4FBC2B6}.Debug|ORBIS.Build.0 = Debug|ORBIS
		{2F4CCF89-7649-4C7F-8CBF-F976B4FBC2B6}.Release|ORBIS.ActiveCfg = Release|ORBIS
		{2F4CCF89-7649-4C7F-8CBF-F976B4FBC2B6}.Release|ORBIS.Build.0 = Release|ORBIS
		{43565AD8-688C-4451-A81F-2ABA8E957753}.Debug|ORBIS.ActiveCfg = Debug|ORBIS
		{43565AD8-688C-4451-A81F-2ABA8E957753}.Debug|ORBIS.Build.0 = Debug|ORBIS
		{43565AD8-688C-4451-A81F-2ABA8E957753}.Release|ORBIS.ActiveCfg = Release|ORBIS
		{43565AD8-688C-4451-A81F-2ABA8E957753}.Release|ORBIS.Build.0 = Release|ORBIS
	EndGlobalSection
	GlobalSection(SolutionProperties) = preSolution
		HideSolutionNode = FALSE
	EndGlobalSection
	GlobalSection(NestedProjects) = preSolution
		{43565AD8-688C-4451-A81F-2ABA8E957753} = {8301136F-A6E7-498F-9AEE-D063F5667C57}
		{2F4CCF89-7649-4C7F-8CBF-F976B4FBC2B6} = {8301136F-A6E7-498F-9AEE-D063F5667C57}
	EndGlobalSection
EndGlobal
