
Microsoft Visual Studio Solution File, Format Version 12.00
# Visual Studio Version 16
VisualStudioVersion = 16.0.29326.143
MinimumVisualStudioVersion = 10.0.40219.1
Project("{8BC9CEB8-8B4A-11D0-8D11-00A0C91BC942}") = "demo_s3d_basic", "demo_s3d_basic.vcxproj", "{382D53DF-6344-4E9E-BCD5-23A93114A8F1}"
EndProject
Project("{8BC9CEB8-8B4A-11D0-8D11-00A0C91BC942}") = "libSceSampleUtil", "..\..\common\source\sampleutil\libSceSampleUtil.vcxproj", "{30A1B994-C2C6-485F-911B-FB4674366DA8}"
EndProject
Global
	GlobalSection(SolutionConfigurationPlatforms) = preSolution
		Debug|ORBIS = Debug|ORBIS
		Debug|PSVita = Debug|PSVita
		Debug|x64 = Debug|x64
		Release|ORBIS = Release|ORBIS
		Release|PSVita = Release|PSVita
		Release|x64 = Release|x64
	EndGlobalSection
	GlobalSection(ProjectConfigurationPlatforms) = postSolution
		{382D53DF-6344-4E9E-BCD5-23A93114A8F1}.Debug|ORBIS.ActiveCfg = Debug|ORBIS
		{382D53DF-6344-4E9E-BCD5-23A93114A8F1}.Debug|ORBIS.Build.0 = Debug|ORBIS
		{382D53DF-6344-4E9E-BCD5-23A93114A8F1}.Debug|PSVita.ActiveCfg = Debug|ORBIS
		{382D53DF-6344-4E9E-BCD5-23A93114A8F1}.Debug|x64.ActiveCfg = Debug|ORBIS
		{382D53DF-6344-4E9E-BCD5-23A93114A8F1}.Release|ORBIS.ActiveCfg = Release|ORBIS
		{382D53DF-6344-4E9E-BCD5-23A93114A8F1}.Release|ORBIS.Build.0 = Release|ORBIS
		{382D53DF-6344-4E9E-BCD5-23A93114A8F1}.Release|PSVita.ActiveCfg = Release|ORBIS
		{382D53DF-6344-4E9E-BCD5-23A93114A8F1}.Release|x64.ActiveCfg = Release|ORBIS
		{30A1B994-C2C6-485F-911B-FB4674366DA8}.Debug|ORBIS.ActiveCfg = Debug|ORBIS
		{30A1B994-C2C6-485F-911B-FB4674366DA8}.Debug|ORBIS.Build.0 = Debug|ORBIS
		{30A1B994-C2C6-485F-911B-FB4674366DA8}.Debug|PSVita.ActiveCfg = Debug|PSVita
		{30A1B994-C2C6-485F-911B-FB4674366DA8}.Debug|PSVita.Build.0 = Debug|PSVita
		{30A1B994-C2C6-485F-911B-FB4674366DA8}.Debug|x64.ActiveCfg = Debug|x64
		{30A1B994-C2C6-485F-911B-FB4674366DA8}.Debug|x64.Build.0 = Debug|x64
		{30A1B994-C2C6-485F-911B-FB4674366DA8}.Release|ORBIS.ActiveCfg = Release|ORBIS
		{30A1B994-C2C6-485F-911B-FB4674366DA8}.Release|ORBIS.Build.0 = Release|ORBIS
		{30A1B994-C2C6-485F-911B-FB4674366DA8}.Release|PSVita.ActiveCfg = Release|PSVita
		{30A1B994-C2C6-485F-911B-FB4674366DA8}.Release|PSVita.Build.0 = Release|PSVita
		{30A1B994-C2C6-485F-911B-FB4674366DA8}.Release|x64.ActiveCfg = Release|x64
		{30A1B994-C2C6-485F-911B-FB4674366DA8}.Release|x64.Build.0 = Release|x64
	EndGlobalSection
	GlobalSection(SolutionProperties) = preSolution
		HideSolutionNode = FALSE
	EndGlobalSection
	GlobalSection(ExtensibilityGlobals) = postSolution
		SolutionGuid = {0E569E90-E40A-46DE-84D8-22187E00F5B1}
	EndGlobalSection
EndGlobal
