
Microsoft Visual Studio Solution File, Format Version 12.00
# Visual Studio 15
Project("{8BC9CEB8-8B4A-11D0-8D11-00A0C91BC942}") = "3d", "3d.vcxproj", "{C38EC7A6-E93C-45AE-BBD1-64CF35621A78}"
EndProject
Project("{8BC9CEB8-8B4A-11D0-8D11-00A0C91BC942}") = "channel_groups", "channel_groups.vcxproj", "{487C1B33-29AC-4961-9067-0F91004AA4E9}"
EndProject
Project("{8BC9CEB8-8B4A-11D0-8D11-00A0C91BC942}") = "convolution_reverb", "convolution_reverb.vcxproj", "{24769DB2-E0FB-410A-AA0C-14578ACD546D}"
EndProject
Project("{8BC9CEB8-8B4A-11D0-8D11-00A0C91BC942}") = "dsp_custom", "dsp_custom.vcxproj", "{7AE09438-8336-42C1-AA7C-CEB26CC8DF16}"
EndProject
Project("{8BC9CEB8-8B4A-11D0-8D11-00A0C91BC942}") = "dsp_effect_per_speaker", "dsp_effect_per_speaker.vcxproj", "{206CCFAA-3898-4B38-A690-000DCAAFE640}"
EndProject
Project("{8BC9CEB8-8B4A-11D0-8D11-00A0C91BC942}") = "dsp_inspector", "dsp_inspector.vcxproj", "{D7489CA0-9B25-4B88-8BD3-CC1AE5E4F5A2}"
EndProject
Project("{8BC9CEB8-8B4A-11D0-8D11-00A0C91BC942}") = "effects", "effects.vcxproj", "{B1F5B631-45BE-4CC5-AE11-75EDF834077B}"
EndProject
Project("{8BC9CEB8-8B4A-11D0-8D11-00A0C91BC942}") = "gapless_playback", "gapless_playback.vcxproj", "{CF8D3D3B-5D93-4F04-A28D-E1166A9D023F}"
EndProject
Project("{8BC9CEB8-8B4A-11D0-8D11-00A0C91BC942}") = "generate_tone", "generate_tone.vcxproj", "{D7F6373F-D3DC-4503-A16F-035C2C14C074}"
EndProject
Project("{8BC9CEB8-8B4A-11D0-8D11-00A0C91BC942}") = "gpu_compute", "gpu_compute.vcxproj", "{74100E5C-944B-4F49-984C-1218A0C86056}"
EndProject
Project("{8BC9CEB8-8B4A-11D0-8D11-00A0C91BC942}") = "granular_synth", "granular_synth.vcxproj", "{E3C153C1-8997-4AAA-BAD2-9B25739ADFB0}"
EndProject
Project("{8BC9CEB8-8B4A-11D0-8D11-00A0C91BC942}") = "load_from_memory", "load_from_memory.vcxproj", "{EA5563E2-D55C-4D45-A601-E8EB9CD96B6A}"
EndProject
Project("{8BC9CEB8-8B4A-11D0-8D11-00A0C91BC942}") = "multiple_speaker", "multiple_speaker.vcxproj", "{037B2F1E-7280-4A61-8E0F-F72D6E66DFF9}"
EndProject
Project("{8BC9CEB8-8B4A-11D0-8D11-00A0C91BC942}") = "multiple_system", "multiple_system.vcxproj", "{F9A1DD22-24CF-4315-89CA-F79157036A21}"
EndProject
Project("{8BC9CEB8-8B4A-11D0-8D11-00A0C91BC942}") = "net_stream", "net_stream.vcxproj", "{250F2072-E839-4C4F-B143-B7C715401120}"
EndProject
Project("{8BC9CEB8-8B4A-11D0-8D11-00A0C91BC942}") = "output_ports", "output_ports.vcxproj", "{2058DECC-F250-4266-9F42-E4C0236CE8DA}"
EndProject
Project("{8BC9CEB8-8B4A-11D0-8D11-00A0C91BC942}") = "play_sound", "play_sound.vcxproj", "{8F745AC0-9AA9-4516-899E-BB863C9F32FD}"
EndProject
Project("{8BC9CEB8-8B4A-11D0-8D11-00A0C91BC942}") = "play_stream", "play_stream.vcxproj", "{2E00D397-704E-494F-A4A6-9D80D9C341C8}"
EndProject
Project("{8BC9CEB8-8B4A-11D0-8D11-00A0C91BC942}") = "record", "record.vcxproj", "{581FFA07-F064-44B5-8AD6-9EBAF2026D7B}"
EndProject
Project("{8BC9CEB8-8B4A-11D0-8D11-00A0C91BC942}") = "record_enumeration", "record_enumeration.vcxproj", "{B8A0573D-A28B-4AE4-9E9F-0A7A0F32FD5F}"
EndProject
Project("{8BC9CEB8-8B4A-11D0-8D11-00A0C91BC942}") = "user_created_sound", "user_created_sound.vcxproj", "{9D4EE09E-0DD5-4CCB-9B0C-CC8AFFB2187E}"
EndProject
Project("{8BC9CEB8-8B4A-11D0-8D11-00A0C91BC942}") = "fmod_codec_raw", "fmod_codec_raw.vcxproj", "{D487A0B2-C9B6-4C02-90E4-BD66A895619B}"
EndProject
Project("{8BC9CEB8-8B4A-11D0-8D11-00A0C91BC942}") = "fmod_distance_filter", "fmod_distance_filter.vcxproj", "{72D752A1-7243-42A2-AD01-57003D40F379}"
EndProject
Project("{8BC9CEB8-8B4A-11D0-8D11-00A0C91BC942}") = "fmod_gain", "fmod_gain.vcxproj", "{A7E78218-EB13-45D9-BFDD-6E38BC0C010B}"
EndProject
Project("{8BC9CEB8-8B4A-11D0-8D11-00A0C91BC942}") = "fmod_noise", "fmod_noise.vcxproj", "{9943C0A3-9126-401D-8270-4CD760D7A7DA}"
EndProject
Project("{8BC9CEB8-8B4A-11D0-8D11-00A0C91BC942}") = "_toolkit", "%SCE_ORBIS_SDK_DIR%\target\samples\sample_code\graphics\api_gnm\toolkit\toolkit.vcxproj", "{2F4CCF89-7649-4C7F-8CBF-F976B4FBC2B6}"
EndProject
Project("{8BC9CEB8-8B4A-11D0-8D11-00A0C91BC942}") = "_dbg_font", "%SCE_ORBIS_SDK_DIR%\target\samples\sample_code\graphics\api_gnm\dbg_font\dbg_font.vcxproj", "{43565AD8-688C-4451-A81F-2ABA8E957753}"
EndProject
Project("{2150E333-8FDC-42A3-9474-1A3956D46DE8}") = "Framework", "Framework", "{8301136F-A6E7-498F-9AEE-D063F5667C57}"
EndProject
Global
	GlobalSection(SolutionConfigurationPlatforms) = preSolution
		Debug|ORBIS = Debug|ORBIS
		Release|ORBIS = Release|ORBIS
	EndGlobalSection
	GlobalSection(ProjectConfigurationPlatforms) = postSolution
		{C38EC7A6-E93C-45AE-BBD1-64CF35621A78}.Debug|ORBIS.ActiveCfg = Debug|ORBIS
		{C38EC7A6-E93C-45AE-BBD1-64CF35621A78}.Debug|ORBIS.Build.0 = Debug|ORBIS
		{C38EC7A6-E93C-45AE-BBD1-64CF35621A78}.Debug|ORBIS.Deploy.0 = Debug|ORBIS
		{C38EC7A6-E93C-45AE-BBD1-64CF35621A78}.Release|ORBIS.ActiveCfg = Release|ORBIS
		{C38EC7A6-E93C-45AE-BBD1-64CF35621A78}.Release|ORBIS.Build.0 = Release|ORBIS
		{C38EC7A6-E93C-45AE-BBD1-64CF35621A78}.Release|ORBIS.Deploy.0 = Release|ORBIS
		{487C1B33-29AC-4961-9067-0F91004AA4E9}.Debug|ORBIS.ActiveCfg = Debug|ORBIS
		{487C1B33-29AC-4961-9067-0F91004AA4E9}.Debug|ORBIS.Build.0 = Debug|ORBIS
		{487C1B33-29AC-4961-9067-0F91004AA4E9}.Debug|ORBIS.Deploy.0 = Debug|ORBIS
		{487C1B33-29AC-4961-9067-0F91004AA4E9}.Release|ORBIS.ActiveCfg = Release|ORBIS
		{487C1B33-29AC-4961-9067-0F91004AA4E9}.Release|ORBIS.Build.0 = Release|ORBIS
		{487C1B33-29AC-4961-9067-0F91004AA4E9}.Release|ORBIS.Deploy.0 = Release|ORBIS
		{24769DB2-E0FB-410A-AA0C-14578ACD546D}.Debug|ORBIS.ActiveCfg = Debug|ORBIS
		{24769DB2-E0FB-410A-AA0C-14578ACD546D}.Debug|ORBIS.Build.0 = Debug|ORBIS
		{24769DB2-E0FB-410A-AA0C-14578ACD546D}.Debug|ORBIS.Deploy.0 = Debug|ORBIS
		{24769DB2-E0FB-410A-AA0C-14578ACD546D}.Release|ORBIS.ActiveCfg = Release|ORBIS
		{24769DB2-E0FB-410A-AA0C-14578ACD546D}.Release|ORBIS.Build.0 = Release|ORBIS
		{24769DB2-E0FB-410A-AA0C-14578ACD546D}.Release|ORBIS.Deploy.0 = Release|ORBIS
		{7AE09438-8336-42C1-AA7C-CEB26CC8DF16}.Debug|ORBIS.ActiveCfg = Debug|ORBIS
		{7AE09438-8336-42C1-AA7C-CEB26CC8DF16}.Debug|ORBIS.Build.0 = Debug|ORBIS
		{7AE09438-8336-42C1-AA7C-CEB26CC8DF16}.Debug|ORBIS.Deploy.0 = Debug|ORBIS
		{7AE09438-8336-42C1-AA7C-CEB26CC8DF16}.Release|ORBIS.ActiveCfg = Release|ORBIS
		{7AE09438-8336-42C1-AA7C-CEB26CC8DF16}.Release|ORBIS.Build.0 = Release|ORBIS
		{7AE09438-8336-42C1-AA7C-CEB26CC8DF16}.Release|ORBIS.Deploy.0 = Release|ORBIS
		{206CCFAA-3898-4B38-A690-000DCAAFE640}.Debug|ORBIS.ActiveCfg = Debug|ORBIS
		{206CCFAA-3898-4B38-A690-000DCAAFE640}.Debug|ORBIS.Build.0 = Debug|ORBIS
		{206CCFAA-3898-4B38-A690-000DCAAFE640}.Debug|ORBIS.Deploy.0 = Debug|ORBIS
		{206CCFAA-3898-4B38-A690-000DCAAFE640}.Release|ORBIS.ActiveCfg = Release|ORBIS
		{206CCFAA-3898-4B38-A690-000DCAAFE640}.Release|ORBIS.Build.0 = Release|ORBIS
		{206CCFAA-3898-4B38-A690-000DCAAFE640}.Release|ORBIS.Deploy.0 = Release|ORBIS
		{D7489CA0-9B25-4B88-8BD3-CC1AE5E4F5A2}.Debug|ORBIS.ActiveCfg = Debug|ORBIS
		{D7489CA0-9B25-4B88-8BD3-CC1AE5E4F5A2}.Debug|ORBIS.Build.0 = Debug|ORBIS
		{D7489CA0-9B25-4B88-8BD3-CC1AE5E4F5A2}.Debug|ORBIS.Deploy.0 = Debug|ORBIS
		{D7489CA0-9B25-4B88-8BD3-CC1AE5E4F5A2}.Release|ORBIS.ActiveCfg = Release|ORBIS
		{D7489CA0-9B25-4B88-8BD3-CC1AE5E4F5A2}.Release|ORBIS.Build.0 = Release|ORBIS
		{D7489CA0-9B25-4B88-8BD3-CC1AE5E4F5A2}.Release|ORBIS.Deploy.0 = Release|ORBIS
		{B1F5B631-45BE-4CC5-AE11-75EDF834077B}.Debug|ORBIS.ActiveCfg = Debug|ORBIS
		{B1F5B631-45BE-4CC5-AE11-75EDF834077B}.Debug|ORBIS.Build.0 = Debug|ORBIS
		{B1F5B631-45BE-4CC5-AE11-75EDF834077B}.Debug|ORBIS.Deploy.0 = Debug|ORBIS
		{B1F5B631-45BE-4CC5-AE11-75EDF834077B}.Release|ORBIS.ActiveCfg = Release|ORBIS
		{B1F5B631-45BE-4CC5-AE11-75EDF834077B}.Release|ORBIS.Build.0 = Release|ORBIS
		{B1F5B631-45BE-4CC5-AE11-75EDF834077B}.Release|ORBIS.Deploy.0 = Release|ORBIS
		{CF8D3D3B-5D93-4F04-A28D-E1166A9D023F}.Debug|ORBIS.ActiveCfg = Debug|ORBIS
		{CF8D3D3B-5D93-4F04-A28D-E1166A9D023F}.Debug|ORBIS.Build.0 = Debug|ORBIS
		{CF8D3D3B-5D93-4F04-A28D-E1166A9D023F}.Debug|ORBIS.Deploy.0 = Debug|ORBIS
		{CF8D3D3B-5D93-4F04-A28D-E1166A9D023F}.Release|ORBIS.ActiveCfg = Release|ORBIS
		{CF8D3D3B-5D93-4F04-A28D-E1166A9D023F}.Release|ORBIS.Build.0 = Release|ORBIS
		{CF8D3D3B-5D93-4F04-A28D-E1166A9D023F}.Release|ORBIS.Deploy.0 = Release|ORBIS
		{D7F6373F-D3DC-4503-A16F-035C2C14C074}.Debug|ORBIS.ActiveCfg = Debug|ORBIS
		{D7F6373F-D3DC-4503-A16F-035C2C14C074}.Debug|ORBIS.Build.0 = Debug|ORBIS
		{D7F6373F-D3DC-4503-A16F-035C2C14C074}.Debug|ORBIS.Deploy.0 = Debug|ORBIS
		{D7F6373F-D3DC-4503-A16F-035C2C14C074}.Release|ORBIS.ActiveCfg = Release|ORBIS
		{D7F6373F-D3DC-4503-A16F-035C2C14C074}.Release|ORBIS.Build.0 = Release|ORBIS
		{D7F6373F-D3DC-4503-A16F-035C2C14C074}.Release|ORBIS.Deploy.0 = Release|ORBIS
		{74100E5C-944B-4F49-984C-1218A0C86056}.Debug|ORBIS.ActiveCfg = Debug|ORBIS
		{74100E5C-944B-4F49-984C-1218A0C86056}.Debug|ORBIS.Build.0 = Debug|ORBIS
		{74100E5C-944B-4F49-984C-1218A0C86056}.Debug|ORBIS.Deploy.0 = Debug|ORBIS
		{74100E5C-944B-4F49-984C-1218A0C86056}.Release|ORBIS.ActiveCfg = Release|ORBIS
		{74100E5C-944B-4F49-984C-1218A0C86056}.Release|ORBIS.Build.0 = Release|ORBIS
		{74100E5C-944B-4F49-984C-1218A0C86056}.Release|ORBIS.Deploy.0 = Release|ORBIS
		{E3C153C1-8997-4AAA-BAD2-9B25739ADFB0}.Debug|ORBIS.ActiveCfg = Debug|ORBIS
		{E3C153C1-8997-4AAA-BAD2-9B25739ADFB0}.Debug|ORBIS.Build.0 = Debug|ORBIS
		{E3C153C1-8997-4AAA-BAD2-9B25739ADFB0}.Debug|ORBIS.Deploy.0 = Debug|ORBIS
		{E3C153C1-8997-4AAA-BAD2-9B25739ADFB0}.Release|ORBIS.ActiveCfg = Release|ORBIS
		{E3C153C1-8997-4AAA-BAD2-9B25739ADFB0}.Release|ORBIS.Build.0 = Release|ORBIS
		{E3C153C1-8997-4AAA-BAD2-9B25739ADFB0}.Release|ORBIS.Deploy.0 = Release|ORBIS
		{EA5563E2-D55C-4D45-A601-E8EB9CD96B6A}.Debug|ORBIS.ActiveCfg = Debug|ORBIS
		{EA5563E2-D55C-4D45-A601-E8EB9CD96B6A}.Debug|ORBIS.Build.0 = Debug|ORBIS
		{EA5563E2-D55C-4D45-A601-E8EB9CD96B6A}.Debug|ORBIS.Deploy.0 = Debug|ORBIS
		{EA5563E2-D55C-4D45-A601-E8EB9CD96B6A}.Release|ORBIS.ActiveCfg = Release|ORBIS
		{EA5563E2-D55C-4D45-A601-E8EB9CD96B6A}.Release|ORBIS.Build.0 = Release|ORBIS
		{EA5563E2-D55C-4D45-A601-E8EB9CD96B6A}.Release|ORBIS.Deploy.0 = Release|ORBIS
		{037B2F1E-7280-4A61-8E0F-F72D6E66DFF9}.Debug|ORBIS.ActiveCfg = Debug|ORBIS
		{037B2F1E-7280-4A61-8E0F-F72D6E66DFF9}.Debug|ORBIS.Build.0 = Debug|ORBIS
		{037B2F1E-7280-4A61-8E0F-F72D6E66DFF9}.Debug|ORBIS.Deploy.0 = Debug|ORBIS
		{037B2F1E-7280-4A61-8E0F-F72D6E66DFF9}.Release|ORBIS.ActiveCfg = Release|ORBIS
		{037B2F1E-7280-4A61-8E0F-F72D6E66DFF9}.Release|ORBIS.Build.0 = Release|ORBIS
		{037B2F1E-7280-4A61-8E0F-F72D6E66DFF9}.Release|ORBIS.Deploy.0 = Release|ORBIS
		{F9A1DD22-24CF-4315-89CA-F79157036A21}.Debug|ORBIS.ActiveCfg = Debug|ORBIS
		{F9A1DD22-24CF-4315-89CA-F79157036A21}.Debug|ORBIS.Build.0 = Debug|ORBIS
		{F9A1DD22-24CF-4315-89CA-F79157036A21}.Debug|ORBIS.Deploy.0 = Debug|ORBIS
		{F9A1DD22-24CF-4315-89CA-F79157036A21}.Release|ORBIS.ActiveCfg = Release|ORBIS
		{F9A1DD22-24CF-4315-89CA-F79157036A21}.Release|ORBIS.Build.0 = Release|ORBIS
		{F9A1DD22-24CF-4315-89CA-F79157036A21}.Release|ORBIS.Deploy.0 = Release|ORBIS
		{250F2072-E839-4C4F-B143-B7C715401120}.Debug|ORBIS.ActiveCfg = Debug|ORBIS
		{250F2072-E839-4C4F-B143-B7C715401120}.Debug|ORBIS.Build.0 = Debug|ORBIS
		{250F2072-E839-4C4F-B143-B7C715401120}.Debug|ORBIS.Deploy.0 = Debug|ORBIS
		{250F2072-E839-4C4F-B143-B7C715401120}.Release|ORBIS.ActiveCfg = Release|ORBIS
		{250F2072-E839-4C4F-B143-B7C715401120}.Release|ORBIS.Build.0 = Release|ORBIS
		{250F2072-E839-4C4F-B143-B7C715401120}.Release|ORBIS.Deploy.0 = Release|ORBIS
		{2058DECC-F250-4266-9F42-E4C0236CE8DA}.Debug|ORBIS.ActiveCfg = Debug|ORBIS
		{2058DECC-F250-4266-9F42-E4C0236CE8DA}.Debug|ORBIS.Build.0 = Debug|ORBIS
		{2058DECC-F250-4266-9F42-E4C0236CE8DA}.Debug|ORBIS.Deploy.0 = Debug|ORBIS
		{2058DECC-F250-4266-9F42-E4C0236CE8DA}.Release|ORBIS.ActiveCfg = Release|ORBIS
		{2058DECC-F250-4266-9F42-E4C0236CE8DA}.Release|ORBIS.Build.0 = Release|ORBIS
		{2058DECC-F250-4266-9F42-E4C0236CE8DA}.Release|ORBIS.Deploy.0 = Release|ORBIS
		{8F745AC0-9AA9-4516-899E-BB863C9F32FD}.Debug|ORBIS.ActiveCfg = Debug|ORBIS
		{8F745AC0-9AA9-4516-899E-BB863C9F32FD}.Debug|ORBIS.Build.0 = Debug|ORBIS
		{8F745AC0-9AA9-4516-899E-BB863C9F32FD}.Debug|ORBIS.Deploy.0 = Debug|ORBIS
		{8F745AC0-9AA9-4516-899E-BB863C9F32FD}.Release|ORBIS.ActiveCfg = Release|ORBIS
		{8F745AC0-9AA9-4516-899E-BB863C9F32FD}.Release|ORBIS.Build.0 = Release|ORBIS
		{8F745AC0-9AA9-4516-899E-BB863C9F32FD}.Release|ORBIS.Deploy.0 = Release|ORBIS
		{2E00D397-704E-494F-A4A6-9D80D9C341C8}.Debug|ORBIS.ActiveCfg = Debug|ORBIS
		{2E00D397-704E-494F-A4A6-9D80D9C341C8}.Debug|ORBIS.Build.0 = Debug|ORBIS
		{2E00D397-704E-494F-A4A6-9D80D9C341C8}.Debug|ORBIS.Deploy.0 = Debug|ORBIS
		{2E00D397-704E-494F-A4A6-9D80D9C341C8}.Release|ORBIS.ActiveCfg = Release|ORBIS
		{2E00D397-704E-494F-A4A6-9D80D9C341C8}.Release|ORBIS.Build.0 = Release|ORBIS
		{2E00D397-704E-494F-A4A6-9D80D9C341C8}.Release|ORBIS.Deploy.0 = Release|ORBIS
		{581FFA07-F064-44B5-8AD6-9EBAF2026D7B}.Debug|ORBIS.ActiveCfg = Debug|ORBIS
		{581FFA07-F064-44B5-8AD6-9EBAF2026D7B}.Debug|ORBIS.Build.0 = Debug|ORBIS
		{581FFA07-F064-44B5-8AD6-9EBAF2026D7B}.Debug|ORBIS.Deploy.0 = Debug|ORBIS
		{581FFA07-F064-44B5-8AD6-9EBAF2026D7B}.Release|ORBIS.ActiveCfg = Release|ORBIS
		{581FFA07-F064-44B5-8AD6-9EBAF2026D7B}.Release|ORBIS.Build.0 = Release|ORBIS
		{581FFA07-F064-44B5-8AD6-9EBAF2026D7B}.Release|ORBIS.Deploy.0 = Release|ORBIS
		{B8A0573D-A28B-4AE4-9E9F-0A7A0F32FD5F}.Debug|ORBIS.ActiveCfg = Debug|ORBIS
		{B8A0573D-A28B-4AE4-9E9F-0A7A0F32FD5F}.Debug|ORBIS.Build.0 = Debug|ORBIS
		{B8A0573D-A28B-4AE4-9E9F-0A7A0F32FD5F}.Debug|ORBIS.Deploy.0 = Debug|ORBIS
		{B8A0573D-A28B-4AE4-9E9F-0A7A0F32FD5F}.Release|ORBIS.ActiveCfg = Release|ORBIS
		{B8A0573D-A28B-4AE4-9E9F-0A7A0F32FD5F}.Release|ORBIS.Build.0 = Release|ORBIS
		{B8A0573D-A28B-4AE4-9E9F-0A7A0F32FD5F}.Release|ORBIS.Deploy.0 = Release|ORBIS
		{9D4EE09E-0DD5-4CCB-9B0C-CC8AFFB2187E}.Debug|ORBIS.ActiveCfg = Debug|ORBIS
		{9D4EE09E-0DD5-4CCB-9B0C-CC8AFFB2187E}.Debug|ORBIS.Build.0 = Debug|ORBIS
		{9D4EE09E-0DD5-4CCB-9B0C-CC8AFFB2187E}.Debug|ORBIS.Deploy.0 = Debug|ORBIS
		{9D4EE09E-0DD5-4CCB-9B0C-CC8AFFB2187E}.Release|ORBIS.ActiveCfg = Release|ORBIS
		{9D4EE09E-0DD5-4CCB-9B0C-CC8AFFB2187E}.Release|ORBIS.Build.0 = Release|ORBIS
		{9D4EE09E-0DD5-4CCB-9B0C-CC8AFFB2187E}.Release|ORBIS.Deploy.0 = Release|ORBIS
		{D487A0B2-C9B6-4C02-90E4-BD66A895619B}.Debug|ORBIS.ActiveCfg = Debug|ORBIS
		{D487A0B2-C9B6-4C02-90E4-BD66A895619B}.Debug|ORBIS.Build.0 = Debug|ORBIS
		{D487A0B2-C9B6-4C02-90E4-BD66A895619B}.Debug|ORBIS.Deploy.0 = Debug|ORBIS
		{D487A0B2-C9B6-4C02-90E4-BD66A895619B}.Release|ORBIS.ActiveCfg = Release|ORBIS
		{D487A0B2-C9B6-4C02-90E4-BD66A895619B}.Release|ORBIS.Build.0 = Release|ORBIS
		{D487A0B2-C9B6-4C02-90E4-BD66A895619B}.Release|ORBIS.Deploy.0 = Release|ORBIS
		{72D752A1-7243-42A2-AD01-57003D40F379}.Debug|ORBIS.ActiveCfg = Debug|ORBIS
		{72D752A1-7243-42A2-AD01-57003D40F379}.Debug|ORBIS.Build.0 = Debug|ORBIS
		{72D752A1-7243-42A2-AD01-57003D40F379}.Debug|ORBIS.Deploy.0 = Debug|ORBIS
		{72D752A1-7243-42A2-AD01-57003D40F379}.Release|ORBIS.ActiveCfg = Release|ORBIS
		{72D752A1-7243-42A2-AD01-57003D40F379}.Release|ORBIS.Build.0 = Release|ORBIS
		{72D752A1-7243-42A2-AD01-57003D40F379}.Release|ORBIS.Deploy.0 = Release|ORBIS
		{A7E78218-EB13-45D9-BFDD-6E38BC0C010B}.Debug|ORBIS.ActiveCfg = Debug|ORBIS
		{A7E78218-EB13-45D9-BFDD-6E38BC0C010B}.Debug|ORBIS.Build.0 = Debug|ORBIS
		{A7E78218-EB13-45D9-BFDD-6E38BC0C010B}.Debug|ORBIS.Deploy.0 = Debug|ORBIS
		{A7E78218-EB13-45D9-BFDD-6E38BC0C010B}.Release|ORBIS.ActiveCfg = Release|ORBIS
		{A7E78218-EB13-45D9-BFDD-6E38BC0C010B}.Release|ORBIS.Build.0 = Release|ORBIS
		{A7E78218-EB13-45D9-BFDD-6E38BC0C010B}.Release|ORBIS.Deploy.0 = Release|ORBIS
		{9943C0A3-9126-401D-8270-4CD760D7A7DA}.Debug|ORBIS.ActiveCfg = Debug|ORBIS
		{9943C0A3-9126-401D-8270-4CD760D7A7DA}.Debug|ORBIS.Build.0 = Debug|ORBIS
		{9943C0A3-9126-401D-8270-4CD760D7A7DA}.Debug|ORBIS.Deploy.0 = Debug|ORBIS
		{9943C0A3-9126-401D-8270-4CD760D7A7DA}.Release|ORBIS.ActiveCfg = Release|ORBIS
		{9943C0A3-9126-401D-8270-4CD760D7A7DA}.Release|ORBIS.Build.0 = Release|ORBIS
		{9943C0A3-9126-401D-8270-4CD760D7A7DA}.Release|ORBIS.Deploy.0 = Release|ORBIS
		{2F4CCF89-7649-4C7F-8CBF-F976B4FBC2B6}.Debug|ORBIS.ActiveCfg = Debug|ORBIS
		{2F4CCF89-7649-4C7F-8CBF-F976B4FBC2B6}.Debug|ORBIS.Build.0 = Debug|ORBIS
		{2F4CCF89-7649-4C7F-8CBF-F976B4FBC2B6}.Release|ORBIS.ActiveCfg = Release|ORBIS
		{2F4CCF89-7649-4C7F-8CBF-F976B4FBC2B6}.Release|ORBIS.Build.0 = Release|ORBIS
		{43565AD8-688C-4451-A81F-2ABA8E957753}.Debug|ORBIS.ActiveCfg = Debug|ORBIS
		{43565AD8-688C-4451-A81F-2ABA8E957753}.Debug|ORBIS.Build.0 = Debug|ORBIS
		{43565AD8-688C-4451-A81F-2ABA8E957753}.Release|ORBIS.ActiveCfg = Release|ORBIS
		{43565AD8-688C-4451-A81F-2ABA8E957753}.Release|ORBIS.Build.0 = Release|ORBIS
	EndGlobalSection
	GlobalSection(SolutionProperties) = preSolution
		HideSolutionNode = FALSE
	EndGlobalSection
	GlobalSection(NestedProjects) = preSolution
		{43565AD8-688C-4451-A81F-2ABA8E957753} = {8301136F-A6E7-498F-9AEE-D063F5667C57}
		{2F4CCF89-7649-4C7F-8CBF-F976B4FBC2B6} = {8301136F-A6E7-498F-9AEE-D063F5667C57}
	EndGlobalSection
EndGlobal
