
Microsoft Visual Studio Solution File, Format Version 12.00
# Visual Studio Version 16
Project("{8BC9CEB8-8B4A-11D0-8D11-00A0C91BC942}") = "3d", "3d.vcxproj", "{0D88D0A4-FB87-48FE-BD21-29EB274938F1}"
EndProject
Project("{8BC9CEB8-8B4A-11D0-8D11-00A0C91BC942}") = "3d_multi", "3d_multi.vcxproj", "{77FE58CC-5614-4681-884A-8C40E2505205}"
EndProject
Project("{8BC9CEB8-8B4A-11D0-8D11-00A0C91BC942}") = "event_parameter", "event_parameter.vcxproj", "{BCB9F016-5511-4220-96A4-B8B5B8727E6A}"
EndProject
Project("{8BC9CEB8-8B4A-11D0-8D11-00A0C91BC942}") = "load_banks", "load_banks.vcxproj", "{E0C7ABD8-C867-494D-9F30-BB0013807DE7}"
EndProject
Project("{8BC9CEB8-8B4A-11D0-8D11-00A0C91BC942}") = "music_callbacks", "music_callbacks.vcxproj", "{808206F5-01EA-437C-BAC2-2281C2C1AF43}"
EndProject
Project("{8BC9CEB8-8B4A-11D0-8D11-00A0C91BC942}") = "objectpan", "objectpan.vcxproj", "{F87FA7DC-8DA6-499F-AF93-C279F64D38A8}"
EndProject
Project("{8BC9CEB8-8B4A-11D0-8D11-00A0C91BC942}") = "programmer_sound", "programmer_sound.vcxproj", "{6D361F96-DF5B-41EF-9755-C364F9EEEDEB}"
EndProject
Project("{8BC9CEB8-8B4A-11D0-8D11-00A0C91BC942}") = "recording_playback", "recording_playback.vcxproj", "{87B365EB-0E31-4950-97B4-775097E87BD7}"
EndProject
Project("{8BC9CEB8-8B4A-11D0-8D11-00A0C91BC942}") = "simple_event", "simple_event.vcxproj", "{01EFC080-EF73-43F1-A4D7-7009F7C7428D}"
EndProject
Project("{8BC9CEB8-8B4A-11D0-8D11-00A0C91BC942}") = "_toolkit", "%SCE_ORBIS_SDK_DIR%\target\samples\sample_code\graphics\api_gnm\toolkit\toolkit.vcxproj", "{2F4CCF89-7649-4C7F-8CBF-F976B4FBC2B6}"
EndProject
Project("{8BC9CEB8-8B4A-11D0-8D11-00A0C91BC942}") = "_dbg_font", "%SCE_ORBIS_SDK_DIR%\target\samples\sample_code\graphics\api_gnm\dbg_font\dbg_font.vcxproj", "{43565AD8-688C-4451-A81F-2ABA8E957753}"
EndProject
Project("{2150E333-8FDC-42A3-9474-1A3956D46DE8}") = "Framework", "Framework", "{8301136F-A6E7-498F-9AEE-D063F5667C57}"
EndProject
Global
	GlobalSection(SolutionConfigurationPlatforms) = preSolution
		Debug|ORBIS = Debug|ORBIS
		Release|ORBIS = Release|ORBIS
	EndGlobalSection
	GlobalSection(ProjectConfigurationPlatforms) = postSolution
		{0D88D0A4-FB87-48FE-BD21-29EB274938F1}.Debug|ORBIS.ActiveCfg = Debug|ORBIS
		{0D88D0A4-FB87-48FE-BD21-29EB274938F1}.Debug|ORBIS.Build.0 = Debug|ORBIS
		{0D88D0A4-FB87-48FE-BD21-29EB274938F1}.Debug|ORBIS.Deploy.0 = Debug|ORBIS
		{0D88D0A4-FB87-48FE-BD21-29EB274938F1}.Release|ORBIS.ActiveCfg = Release|ORBIS
		{0D88D0A4-FB87-48FE-BD21-29EB274938F1}.Release|ORBIS.Build.0 = Release|ORBIS
		{0D88D0A4-FB87-48FE-BD21-29EB274938F1}.Release|ORBIS.Deploy.0 = Release|ORBIS
		{77FE58CC-5614-4681-884A-8C40E2505205}.Debug|ORBIS.ActiveCfg = Debug|ORBIS
		{77FE58CC-5614-4681-884A-8C40E2505205}.Debug|ORBIS.Build.0 = Debug|ORBIS
		{77FE58CC-5614-4681-884A-8C40E2505205}.Debug|ORBIS.Deploy.0 = Debug|ORBIS
		{77FE58CC-5614-4681-884A-8C40E2505205}.Release|ORBIS.ActiveCfg = Release|ORBIS
		{77FE58CC-5614-4681-884A-8C40E2505205}.Release|ORBIS.Build.0 = Release|ORBIS
		{77FE58CC-5614-4681-884A-8C40E2505205}.Release|ORBIS.Deploy.0 = Release|ORBIS
		{BCB9F016-5511-4220-96A4-B8B5B8727E6A}.Debug|ORBIS.ActiveCfg = Debug|ORBIS
		{BCB9F016-5511-4220-96A4-B8B5B8727E6A}.Debug|ORBIS.Build.0 = Debug|ORBIS
		{BCB9F016-5511-4220-96A4-B8B5B8727E6A}.Debug|ORBIS.Deploy.0 = Debug|ORBIS
		{BCB9F016-5511-4220-96A4-B8B5B8727E6A}.Release|ORBIS.ActiveCfg = Release|ORBIS
		{BCB9F016-5511-4220-96A4-B8B5B8727E6A}.Release|ORBIS.Build.0 = Release|ORBIS
		{BCB9F016-5511-4220-96A4-B8B5B8727E6A}.Release|ORBIS.Deploy.0 = Release|ORBIS
		{E0C7ABD8-C867-494D-9F30-BB0013807DE7}.Debug|ORBIS.ActiveCfg = Debug|ORBIS
		{E0C7ABD8-C867-494D-9F30-BB0013807DE7}.Debug|ORBIS.Build.0 = Debug|ORBIS
		{E0C7ABD8-C867-494D-9F30-BB0013807DE7}.Debug|ORBIS.Deploy.0 = Debug|ORBIS
		{E0C7ABD8-C867-494D-9F30-BB0013807DE7}.Release|ORBIS.ActiveCfg = Release|ORBIS
		{E0C7ABD8-C867-494D-9F30-BB0013807DE7}.Release|ORBIS.Build.0 = Release|ORBIS
		{E0C7ABD8-C867-494D-9F30-BB0013807DE7}.Release|ORBIS.Deploy.0 = Release|ORBIS
		{808206F5-01EA-437C-BAC2-2281C2C1AF43}.Debug|ORBIS.ActiveCfg = Debug|ORBIS
		{808206F5-01EA-437C-BAC2-2281C2C1AF43}.Debug|ORBIS.Build.0 = Debug|ORBIS
		{808206F5-01EA-437C-BAC2-2281C2C1AF43}.Debug|ORBIS.Deploy.0 = Debug|ORBIS
		{808206F5-01EA-437C-BAC2-2281C2C1AF43}.Release|ORBIS.ActiveCfg = Release|ORBIS
		{808206F5-01EA-437C-BAC2-2281C2C1AF43}.Release|ORBIS.Build.0 = Release|ORBIS
		{808206F5-01EA-437C-BAC2-2281C2C1AF43}.Release|ORBIS.Deploy.0 = Release|ORBIS
		{F87FA7DC-8DA6-499F-AF93-C279F64D38A8}.Debug|ORBIS.ActiveCfg = Debug|ORBIS
		{F87FA7DC-8DA6-499F-AF93-C279F64D38A8}.Debug|ORBIS.Build.0 = Debug|ORBIS
		{F87FA7DC-8DA6-499F-AF93-C279F64D38A8}.Debug|ORBIS.Deploy.0 = Debug|ORBIS
		{F87FA7DC-8DA6-499F-AF93-C279F64D38A8}.Release|ORBIS.ActiveCfg = Release|ORBIS
		{F87FA7DC-8DA6-499F-AF93-C279F64D38A8}.Release|ORBIS.Build.0 = Release|ORBIS
		{F87FA7DC-8DA6-499F-AF93-C279F64D38A8}.Release|ORBIS.Deploy.0 = Release|ORBIS
		{6D361F96-DF5B-41EF-9755-C364F9EEEDEB}.Debug|ORBIS.ActiveCfg = Debug|ORBIS
		{6D361F96-DF5B-41EF-9755-C364F9EEEDEB}.Debug|ORBIS.Build.0 = Debug|ORBIS
		{6D361F96-DF5B-41EF-9755-C364F9EEEDEB}.Debug|ORBIS.Deploy.0 = Debug|ORBIS
		{6D361F96-DF5B-41EF-9755-C364F9EEEDEB}.Release|ORBIS.ActiveCfg = Release|ORBIS
		{6D361F96-DF5B-41EF-9755-C364F9EEEDEB}.Release|ORBIS.Build.0 = Release|ORBIS
		{6D361F96-DF5B-41EF-9755-C364F9EEEDEB}.Release|ORBIS.Deploy.0 = Release|ORBIS
		{87B365EB-0E31-4950-97B4-775097E87BD7}.Debug|ORBIS.ActiveCfg = Debug|ORBIS
		{87B365EB-0E31-4950-97B4-775097E87BD7}.Debug|ORBIS.Build.0 = Debug|ORBIS
		{87B365EB-0E31-4950-97B4-775097E87BD7}.Debug|ORBIS.Deploy.0 = Debug|ORBIS
		{87B365EB-0E31-4950-97B4-775097E87BD7}.Release|ORBIS.ActiveCfg = Release|ORBIS
		{87B365EB-0E31-4950-97B4-775097E87BD7}.Release|ORBIS.Build.0 = Release|ORBIS
		{87B365EB-0E31-4950-97B4-775097E87BD7}.Release|ORBIS.Deploy.0 = Release|ORBIS
		{01EFC080-EF73-43F1-A4D7-7009F7C7428D}.Debug|ORBIS.ActiveCfg = Debug|ORBIS
		{01EFC080-EF73-43F1-A4D7-7009F7C7428D}.Debug|ORBIS.Build.0 = Debug|ORBIS
		{01EFC080-EF73-43F1-A4D7-7009F7C7428D}.Debug|ORBIS.Deploy.0 = Debug|ORBIS
		{01EFC080-EF73-43F1-A4D7-7009F7C7428D}.Release|ORBIS.ActiveCfg = Release|ORBIS
		{01EFC080-EF73-43F1-A4D7-7009F7C7428D}.Release|ORBIS.Build.0 = Release|ORBIS
		{01EFC080-EF73-43F1-A4D7-7009F7C7428D}.Release|ORBIS.Deploy.0 = Release|ORBIS
		{2F4CCF89-7649-4C7F-8CBF-F976B4FBC2B6}.Debug|ORBIS.ActiveCfg = Debug|ORBIS
		{2F4CCF89-7649-4C7F-8CBF-F976B4FBC2B6}.Debug|ORBIS.Build.0 = Debug|ORBIS
		{2F4CCF89-7649-4C7F-8CBF-F976B4FBC2B6}.Release|ORBIS.ActiveCfg = Release|ORBIS
		{2F4CCF89-7649-4C7F-8CBF-F976B4FBC2B6}.Release|ORBIS.Build.0 = Release|ORBIS
		{43565AD8-688C-4451-A81F-2ABA8E957753}.Debug|ORBIS.ActiveCfg = Debug|ORBIS
		{43565AD8-688C-4451-A81F-2ABA8E957753}.Debug|ORBIS.Build.0 = Debug|ORBIS
		{43565AD8-688C-4451-A81F-2ABA8E957753}.Release|ORBIS.ActiveCfg = Release|ORBIS
		{43565AD8-688C-4451-A81F-2ABA8E957753}.Release|ORBIS.Build.0 = Release|ORBIS
	EndGlobalSection
	GlobalSection(SolutionProperties) = preSolution
		HideSolutionNode = FALSE
	EndGlobalSection
	GlobalSection(NestedProjects) = preSolution
		{43565AD8-688C-4451-A81F-2ABA8E957753} = {8301136F-A6E7-498F-9AEE-D063F5667C57}
		{2F4CCF89-7649-4C7F-8CBF-F976B4FBC2B6} = {8301136F-A6E7-498F-9AEE-D063F5667C57}
	EndGlobalSection
EndGlobal
